
Microsoft Visual Studio Solution File, Format Version 11.00
# Visual Studio 2010
Project("{8BC9CEB8-8B4A-11D0-8D11-00A0C91BC942}") = "App_BulletExampleBrowser", "App_BulletExampleBrowser.vcxproj", "{21A3A30C-2417-DC4B-8230-9BFD66132D91}"
	ProjectSection(ProjectDependencies) = postProject
		{B3AFFA12-F817-4948-B050-5D65CB2F439E} = {B3AFFA12-F817-4948-B050-5D65CB2F439E}
		{FB6D13D4-3437-E841-BD07-E469D27771C4} = {FB6D13D4-3437-E841-BD07-E469D27771C4}
		{C86CF65A-D1F0-564A-A5FB-671AA5F75E5E} = {C86CF65A-D1F0-564A-A5FB-671AA5F75E5E}
		{D7D4006D-6FE8-694B-9C96-281E52B57024} = {D7D4006D-6FE8-694B-9C96-281E52B57024}
		{ACD282DB-D520-6E4E-93A3-EB1C76C12329} = {ACD282DB-D520-6E4E-93A3-EB1C76C12329}
		{54623AD5-D221-8F4C-9B33-23C848A5D999} = {54623AD5-D221-8F4C-9B33-23C848A5D999}
		{6796F156-2F3F-2C41-828A-524974FFFC3E} = {6796F156-2F3F-2C41-828A-524974FFFC3E}
		{358D6051-1B6B-9A46-93EA-9D78D5B1593E} = {358D6051-1B6B-9A46-93EA-9D78D5B1593E}
		{B0831BA8-C1F9-484D-B651-308C74689092} = {B0831BA8-C1F9-484D-B651-308C74689092}
		{5DF8A5B2-3833-B541-AFC2-3A471E3D6E8F} = {5DF8A5B2-3833-B541-AFC2-3A471E3D6E8F}
		{880C1B6F-E19C-D34E-BDF6-BB8AAFBFFACD} = {880C1B6F-E19C-D34E-BDF6-BB8AAFBFFACD}
		{08C24B6E-0BA2-6845-B200-3B888A56760E} = {08C24B6E-0BA2-6845-B200-3B888A56760E}
		{402F8011-4D7F-0946-B648-0647CA84716F} = {402F8011-4D7F-0946-B648-0647CA84716F}
		{C9A0BA44-D14D-2045-B37B-5E46673828AF} = {C9A0BA44-D14D-2045-B37B-5E46673828AF}
		{24CFD78E-41A0-2B4A-ACC5-2A0EC6F7DF24} = {24CFD78E-41A0-2B4A-ACC5-2A0EC6F7DF24}
	EndProjectSection
EndProject
Project("{8BC9CEB8-8B4A-11D0-8D11-00A0C91BC942}") = "BulletExampleBrowserLib", "BulletExampleBrowserLib.vcxproj", "{B3AFFA12-F817-4948-B050-5D65CB2F439E}"
EndProject
Project("{8BC9CEB8-8B4A-11D0-8D11-00A0C91BC942}") = "App_RobotSimulator", "App_RobotSimulator.vcxproj", "{39640C80-9BB1-EE40-8AC2-05E19328FBCB}"
	ProjectSection(ProjectDependencies) = postProject
		{FEC451B5-5448-B440-8930-B9BAAC73574E} = {FEC451B5-5448-B440-8930-B9BAAC73574E}
		{B3AFFA12-F817-4948-B050-5D65CB2F439E} = {B3AFFA12-F817-4948-B050-5D65CB2F439E}
		{FB6D13D4-3437-E841-BD07-E469D27771C4} = {FB6D13D4-3437-E841-BD07-E469D27771C4}
		{C86CF65A-D1F0-564A-A5FB-671AA5F75E5E} = {C86CF65A-D1F0-564A-A5FB-671AA5F75E5E}
		{982F3EF7-64DE-E44D-AFB3-01071AC2255D} = {982F3EF7-64DE-E44D-AFB3-01071AC2255D}
		{73FCF5DF-12E4-594C-B223-4CFF1EBB376B} = {73FCF5DF-12E4-594C-B223-4CFF1EBB376B}
		{D7D4006D-6FE8-694B-9C96-281E52B57024} = {D7D4006D-6FE8-694B-9C96-281E52B57024}
		{ACD282DB-D520-6E4E-93A3-EB1C76C12329} = {ACD282DB-D520-6E4E-93A3-EB1C76C12329}
		{54623AD5-D221-8F4C-9B33-23C848A5D999} = {54623AD5-D221-8F4C-9B33-23C848A5D999}
		{6796F156-2F3F-2C41-828A-524974FFFC3E} = {6796F156-2F3F-2C41-828A-524974FFFC3E}
		{358D6051-1B6B-9A46-93EA-9D78D5B1593E} = {358D6051-1B6B-9A46-93EA-9D78D5B1593E}
		{B0831BA8-C1F9-484D-B651-308C74689092} = {B0831BA8-C1F9-484D-B651-308C74689092}
		{880C1B6F-E19C-D34E-BDF6-BB8AAFBFFACD} = {880C1B6F-E19C-D34E-BDF6-BB8AAFBFFACD}
		{76DA00CC-51A7-9646-84B9-3FC1590AF909} = {76DA00CC-51A7-9646-84B9-3FC1590AF909}
		{C886AA56-5593-D545-84C0-DEA5D200A29F} = {C886AA56-5593-D545-84C0-DEA5D200A29F}
	EndProjectSection
EndProject
Project("{8BC9CEB8-8B4A-11D0-8D11-00A0C91BC942}") = "App_HelloBulletRobotics", "App_HelloBulletRobotics.vcxproj", "{739FC5F8-9B17-ED46-8680-8A44E558A6D6}"
	ProjectSection(ProjectDependencies) = postProject
		{FEC451B5-5448-B440-8930-B9BAAC73574E} = {FEC451B5-5448-B440-8930-B9BAAC73574E}
		{982F3EF7-64DE-E44D-AFB3-01071AC2255D} = {982F3EF7-64DE-E44D-AFB3-01071AC2255D}
		{73FCF5DF-12E4-594C-B223-4CFF1EBB376B} = {73FCF5DF-12E4-594C-B223-4CFF1EBB376B}
		{D7D4006D-6FE8-694B-9C96-281E52B57024} = {D7D4006D-6FE8-694B-9C96-281E52B57024}
		{ACD282DB-D520-6E4E-93A3-EB1C76C12329} = {ACD282DB-D520-6E4E-93A3-EB1C76C12329}
		{54623AD5-D221-8F4C-9B33-23C848A5D999} = {54623AD5-D221-8F4C-9B33-23C848A5D999}
		{6796F156-2F3F-2C41-828A-524974FFFC3E} = {6796F156-2F3F-2C41-828A-524974FFFC3E}
		{358D6051-1B6B-9A46-93EA-9D78D5B1593E} = {358D6051-1B6B-9A46-93EA-9D78D5B1593E}
		{B0831BA8-C1F9-484D-B651-308C74689092} = {B0831BA8-C1F9-484D-B651-308C74689092}
		{880C1B6F-E19C-D34E-BDF6-BB8AAFBFFACD} = {880C1B6F-E19C-D34E-BDF6-BB8AAFBFFACD}
		{76DA00CC-51A7-9646-84B9-3FC1590AF909} = {76DA00CC-51A7-9646-84B9-3FC1590AF909}
		{C886AA56-5593-D545-84C0-DEA5D200A29F} = {C886AA56-5593-D545-84C0-DEA5D200A29F}
	EndProjectSection
EndProject
Project("{8BC9CEB8-8B4A-11D0-8D11-00A0C91BC942}") = "OpenGL_Window", "OpenGL_Window.vcxproj", "{C86CF65A-D1F0-564A-A5FB-671AA5F75E5E}"
EndProject
Project("{8BC9CEB8-8B4A-11D0-8D11-00A0C91BC942}") = "gwen", "gwen.vcxproj", "{FB6D13D4-3437-E841-BD07-E469D27771C4}"
EndProject
Project("{8BC9CEB8-8B4A-11D0-8D11-00A0C91BC942}") = "App_HelloWorld", "App_HelloWorld.vcxproj", "{7A2ADC8C-5420-4141-A4C6-0F20A85FE5A2}"
	ProjectSection(ProjectDependencies) = postProject
		{6796F156-2F3F-2C41-828A-524974FFFC3E} = {6796F156-2F3F-2C41-828A-524974FFFC3E}
		{358D6051-1B6B-9A46-93EA-9D78D5B1593E} = {358D6051-1B6B-9A46-93EA-9D78D5B1593E}
		{B0831BA8-C1F9-484D-B651-308C74689092} = {B0831BA8-C1F9-484D-B651-308C74689092}
	EndProjectSection
EndProject
Project("{8BC9CEB8-8B4A-11D0-8D11-00A0C91BC942}") = "App_PhysicsServer_SharedMemory", "App_PhysicsServer_SharedMemory.vcxproj", "{08D68ED9-A9F2-CE46-A8DD-498A2BDE7415}"
	ProjectSection(ProjectDependencies) = postProject
		{D7D4006D-6FE8-694B-9C96-281E52B57024} = {D7D4006D-6FE8-694B-9C96-281E52B57024}
		{880C1B6F-E19C-D34E-BDF6-BB8AAFBFFACD} = {880C1B6F-E19C-D34E-BDF6-BB8AAFBFFACD}
		{ACD282DB-D520-6E4E-93A3-EB1C76C12329} = {ACD282DB-D520-6E4E-93A3-EB1C76C12329}
		{54623AD5-D221-8F4C-9B33-23C848A5D999} = {54623AD5-D221-8F4C-9B33-23C848A5D999}
		{6796F156-2F3F-2C41-828A-524974FFFC3E} = {6796F156-2F3F-2C41-828A-524974FFFC3E}
		{358D6051-1B6B-9A46-93EA-9D78D5B1593E} = {358D6051-1B6B-9A46-93EA-9D78D5B1593E}
		{B0831BA8-C1F9-484D-B651-308C74689092} = {B0831BA8-C1F9-484D-B651-308C74689092}
		{5DF8A5B2-3833-B541-AFC2-3A471E3D6E8F} = {5DF8A5B2-3833-B541-AFC2-3A471E3D6E8F}
	EndProjectSection
EndProject
Project("{8BC9CEB8-8B4A-11D0-8D11-00A0C91BC942}") = "App_PhysicsServer_SharedMemory_GUI", "App_PhysicsServer_SharedMemory_GUI.vcxproj", "{66F0CAD8-5AE4-1F49-9906-24A638DA2586}"
	ProjectSection(ProjectDependencies) = postProject
		{D7D4006D-6FE8-694B-9C96-281E52B57024} = {D7D4006D-6FE8-694B-9C96-281E52B57024}
		{ACD282DB-D520-6E4E-93A3-EB1C76C12329} = {ACD282DB-D520-6E4E-93A3-EB1C76C12329}
		{54623AD5-D221-8F4C-9B33-23C848A5D999} = {54623AD5-D221-8F4C-9B33-23C848A5D999}
		{6796F156-2F3F-2C41-828A-524974FFFC3E} = {6796F156-2F3F-2C41-828A-524974FFFC3E}
		{358D6051-1B6B-9A46-93EA-9D78D5B1593E} = {358D6051-1B6B-9A46-93EA-9D78D5B1593E}
		{B0831BA8-C1F9-484D-B651-308C74689092} = {B0831BA8-C1F9-484D-B651-308C74689092}
		{C86CF65A-D1F0-564A-A5FB-671AA5F75E5E} = {C86CF65A-D1F0-564A-A5FB-671AA5F75E5E}
		{880C1B6F-E19C-D34E-BDF6-BB8AAFBFFACD} = {880C1B6F-E19C-D34E-BDF6-BB8AAFBFFACD}
		{5DF8A5B2-3833-B541-AFC2-3A471E3D6E8F} = {5DF8A5B2-3833-B541-AFC2-3A471E3D6E8F}
	EndProjectSection
EndProject
Project("{8BC9CEB8-8B4A-11D0-8D11-00A0C91BC942}") = "App_PhysicsServer_SharedMemory_VR", "App_PhysicsServer_SharedMemory_VR.vcxproj", "{42243B71-1AC3-CD4F-9328-9839D6737B8E}"
	ProjectSection(ProjectDependencies) = postProject
		{D7D4006D-6FE8-694B-9C96-281E52B57024} = {D7D4006D-6FE8-694B-9C96-281E52B57024}
		{ACD282DB-D520-6E4E-93A3-EB1C76C12329} = {ACD282DB-D520-6E4E-93A3-EB1C76C12329}
		{54623AD5-D221-8F4C-9B33-23C848A5D999} = {54623AD5-D221-8F4C-9B33-23C848A5D999}
		{880C1B6F-E19C-D34E-BDF6-BB8AAFBFFACD} = {880C1B6F-E19C-D34E-BDF6-BB8AAFBFFACD}
		{6796F156-2F3F-2C41-828A-524974FFFC3E} = {6796F156-2F3F-2C41-828A-524974FFFC3E}
		{358D6051-1B6B-9A46-93EA-9D78D5B1593E} = {358D6051-1B6B-9A46-93EA-9D78D5B1593E}
		{B0831BA8-C1F9-484D-B651-308C74689092} = {B0831BA8-C1F9-484D-B651-308C74689092}
		{C86CF65A-D1F0-564A-A5FB-671AA5F75E5E} = {C86CF65A-D1F0-564A-A5FB-671AA5F75E5E}
		{5DF8A5B2-3833-B541-AFC2-3A471E3D6E8F} = {5DF8A5B2-3833-B541-AFC2-3A471E3D6E8F}
	EndProjectSection
EndProject
Project("{8BC9CEB8-8B4A-11D0-8D11-00A0C91BC942}") = "App_PhysicsServerSharedMemoryBridgeUDP", "App_PhysicsServerSharedMemoryBridgeUDP.vcxproj", "{03271328-DD9D-2C40-958D-9391AEC60AD6}"
	ProjectSection(ProjectDependencies) = postProject
		{76DA00CC-51A7-9646-84B9-3FC1590AF909} = {76DA00CC-51A7-9646-84B9-3FC1590AF909}
		{982F3EF7-64DE-E44D-AFB3-01071AC2255D} = {982F3EF7-64DE-E44D-AFB3-01071AC2255D}
		{880C1B6F-E19C-D34E-BDF6-BB8AAFBFFACD} = {880C1B6F-E19C-D34E-BDF6-BB8AAFBFFACD}
		{B0831BA8-C1F9-484D-B651-308C74689092} = {B0831BA8-C1F9-484D-B651-308C74689092}
	EndProjectSection
EndProject
Project("{8BC9CEB8-8B4A-11D0-8D11-00A0C91BC942}") = "App_PhysicsServerUDP", "App_PhysicsServerUDP.vcxproj", "{62E444F1-04C8-F043-B5C9-71E8821D618D}"
	ProjectSection(ProjectDependencies) = postProject
		{76DA00CC-51A7-9646-84B9-3FC1590AF909} = {76DA00CC-51A7-9646-84B9-3FC1590AF909}
		{880C1B6F-E19C-D34E-BDF6-BB8AAFBFFACD} = {880C1B6F-E19C-D34E-BDF6-BB8AAFBFFACD}
		{ACD282DB-D520-6E4E-93A3-EB1C76C12329} = {ACD282DB-D520-6E4E-93A3-EB1C76C12329}
		{54623AD5-D221-8F4C-9B33-23C848A5D999} = {54623AD5-D221-8F4C-9B33-23C848A5D999}
		{D7D4006D-6FE8-694B-9C96-281E52B57024} = {D7D4006D-6FE8-694B-9C96-281E52B57024}
		{6796F156-2F3F-2C41-828A-524974FFFC3E} = {6796F156-2F3F-2C41-828A-524974FFFC3E}
		{358D6051-1B6B-9A46-93EA-9D78D5B1593E} = {358D6051-1B6B-9A46-93EA-9D78D5B1593E}
		{B0831BA8-C1F9-484D-B651-308C74689092} = {B0831BA8-C1F9-484D-B651-308C74689092}
		{5DF8A5B2-3833-B541-AFC2-3A471E3D6E8F} = {5DF8A5B2-3833-B541-AFC2-3A471E3D6E8F}
	EndProjectSection
EndProject
Project("{8BC9CEB8-8B4A-11D0-8D11-00A0C91BC942}") = "App_PhysicsServerSharedMemoryBridgeTCP", "App_PhysicsServerSharedMemoryBridgeTCP.vcxproj", "{B04837DD-AEA4-A349-9581-2054C79F997F}"
	ProjectSection(ProjectDependencies) = postProject
		{C886AA56-5593-D545-84C0-DEA5D200A29F} = {C886AA56-5593-D545-84C0-DEA5D200A29F}
		{982F3EF7-64DE-E44D-AFB3-01071AC2255D} = {982F3EF7-64DE-E44D-AFB3-01071AC2255D}
		{880C1B6F-E19C-D34E-BDF6-BB8AAFBFFACD} = {880C1B6F-E19C-D34E-BDF6-BB8AAFBFFACD}
		{B0831BA8-C1F9-484D-B651-308C74689092} = {B0831BA8-C1F9-484D-B651-308C74689092}
	EndProjectSection
EndProject
Project("{8BC9CEB8-8B4A-11D0-8D11-00A0C91BC942}") = "App_PhysicsServerTCP", "App_PhysicsServerTCP.vcxproj", "{1CB09113-6B7D-4349-986D-79DA62ABCF83}"
	ProjectSection(ProjectDependencies) = postProject
		{C886AA56-5593-D545-84C0-DEA5D200A29F} = {C886AA56-5593-D545-84C0-DEA5D200A29F}
		{880C1B6F-E19C-D34E-BDF6-BB8AAFBFFACD} = {880C1B6F-E19C-D34E-BDF6-BB8AAFBFFACD}
		{ACD282DB-D520-6E4E-93A3-EB1C76C12329} = {ACD282DB-D520-6E4E-93A3-EB1C76C12329}
		{54623AD5-D221-8F4C-9B33-23C848A5D999} = {54623AD5-D221-8F4C-9B33-23C848A5D999}
		{D7D4006D-6FE8-694B-9C96-281E52B57024} = {D7D4006D-6FE8-694B-9C96-281E52B57024}
		{6796F156-2F3F-2C41-828A-524974FFFC3E} = {6796F156-2F3F-2C41-828A-524974FFFC3E}
		{358D6051-1B6B-9A46-93EA-9D78D5B1593E} = {358D6051-1B6B-9A46-93EA-9D78D5B1593E}
		{B0831BA8-C1F9-484D-B651-308C74689092} = {B0831BA8-C1F9-484D-B651-308C74689092}
		{5DF8A5B2-3833-B541-AFC2-3A471E3D6E8F} = {5DF8A5B2-3833-B541-AFC2-3A471E3D6E8F}
	EndProjectSection
EndProject
Project("{8BC9CEB8-8B4A-11D0-8D11-00A0C91BC942}") = "pybullet_testplugin", "pybullet_testplugin.vcxproj", "{820A5ADE-5FCD-2645-B371-30CB08DF6FC8}"
	ProjectSection(ProjectDependencies) = postProject
		{982F3EF7-64DE-E44D-AFB3-01071AC2255D} = {982F3EF7-64DE-E44D-AFB3-01071AC2255D}
		{880C1B6F-E19C-D34E-BDF6-BB8AAFBFFACD} = {880C1B6F-E19C-D34E-BDF6-BB8AAFBFFACD}
		{B0831BA8-C1F9-484D-B651-308C74689092} = {B0831BA8-C1F9-484D-B651-308C74689092}
	EndProjectSection
EndProject
Project("{8BC9CEB8-8B4A-11D0-8D11-00A0C91BC942}") = "pybullet_vrSyncPlugin", "pybullet_vrSyncPlugin.vcxproj", "{373AE2FB-9C8D-E541-BA09-DE24667FEB9B}"
	ProjectSection(ProjectDependencies) = postProject
		{982F3EF7-64DE-E44D-AFB3-01071AC2255D} = {982F3EF7-64DE-E44D-AFB3-01071AC2255D}
		{880C1B6F-E19C-D34E-BDF6-BB8AAFBFFACD} = {880C1B6F-E19C-D34E-BDF6-BB8AAFBFFACD}
		{B0831BA8-C1F9-484D-B651-308C74689092} = {B0831BA8-C1F9-484D-B651-308C74689092}
	EndProjectSection
EndProject
Project("{8BC9CEB8-8B4A-11D0-8D11-00A0C91BC942}") = "pybullet_tinyRendererPlugin", "pybullet_tinyRendererPlugin.vcxproj", "{5A150AF2-69A3-D348-A926-0A93DB284328}"
	ProjectSection(ProjectDependencies) = postProject
		{358D6051-1B6B-9A46-93EA-9D78D5B1593E} = {358D6051-1B6B-9A46-93EA-9D78D5B1593E}
		{880C1B6F-E19C-D34E-BDF6-BB8AAFBFFACD} = {880C1B6F-E19C-D34E-BDF6-BB8AAFBFFACD}
		{B0831BA8-C1F9-484D-B651-308C74689092} = {B0831BA8-C1F9-484D-B651-308C74689092}
	EndProjectSection
EndProject
Project("{8BC9CEB8-8B4A-11D0-8D11-00A0C91BC942}") = "pybullet_pdControlPlugin", "pybullet_pdControlPlugin.vcxproj", "{56F0F770-9B64-B043-9B3C-5192174276E1}"
	ProjectSection(ProjectDependencies) = postProject
		{982F3EF7-64DE-E44D-AFB3-01071AC2255D} = {982F3EF7-64DE-E44D-AFB3-01071AC2255D}
		{880C1B6F-E19C-D34E-BDF6-BB8AAFBFFACD} = {880C1B6F-E19C-D34E-BDF6-BB8AAFBFFACD}
		{B0831BA8-C1F9-484D-B651-308C74689092} = {B0831BA8-C1F9-484D-B651-308C74689092}
	EndProjectSection
EndProject
Project("{8BC9CEB8-8B4A-11D0-8D11-00A0C91BC942}") = "pybullet_collisionFilterPlugin", "pybullet_collisionFilterPlugin.vcxproj", "{88F7F7FA-4946-5448-AA3A-1FFF81B9E160}"
	ProjectSection(ProjectDependencies) = postProject
		{982F3EF7-64DE-E44D-AFB3-01071AC2255D} = {982F3EF7-64DE-E44D-AFB3-01071AC2255D}
		{880C1B6F-E19C-D34E-BDF6-BB8AAFBFFACD} = {880C1B6F-E19C-D34E-BDF6-BB8AAFBFFACD}
		{B0831BA8-C1F9-484D-B651-308C74689092} = {B0831BA8-C1F9-484D-B651-308C74689092}
	EndProjectSection
EndProject
Project("{8BC9CEB8-8B4A-11D0-8D11-00A0C91BC942}") = "BussIK", "BussIK.vcxproj", "{5DF8A5B2-3833-B541-AFC2-3A471E3D6E8F}"
EndProject
Project("{8BC9CEB8-8B4A-11D0-8D11-00A0C91BC942}") = "App_SimpleOpenGL3", "App_SimpleOpenGL3.vcxproj", "{A6900775-EF89-0F4E-BB28-94D60098052F}"
	ProjectSection(ProjectDependencies) = postProject
		{C86CF65A-D1F0-564A-A5FB-671AA5F75E5E} = {C86CF65A-D1F0-564A-A5FB-671AA5F75E5E}
		{880C1B6F-E19C-D34E-BDF6-BB8AAFBFFACD} = {880C1B6F-E19C-D34E-BDF6-BB8AAFBFFACD}
	EndProjectSection
EndProject
Project("{8BC9CEB8-8B4A-11D0-8D11-00A0C91BC942}") = "Test_SharedMemoryPhysicsClient", "Test_SharedMemoryPhysicsClient.vcxproj", "{DEFE1FB8-FEA8-7F4A-827B-B39EC8A5AFD2}"
	ProjectSection(ProjectDependencies) = postProject
		{982F3EF7-64DE-E44D-AFB3-01071AC2255D} = {982F3EF7-64DE-E44D-AFB3-01071AC2255D}
		{880C1B6F-E19C-D34E-BDF6-BB8AAFBFFACD} = {880C1B6F-E19C-D34E-BDF6-BB8AAFBFFACD}
		{B0831BA8-C1F9-484D-B651-308C74689092} = {B0831BA8-C1F9-484D-B651-308C74689092}
	EndProjectSection
EndProject
Project("{8BC9CEB8-8B4A-11D0-8D11-00A0C91BC942}") = "Test_PhysicsClientUDP", "Test_PhysicsClientUDP.vcxproj", "{058509F7-2037-9240-ACB2-A5324539A773}"
	ProjectSection(ProjectDependencies) = postProject
		{76DA00CC-51A7-9646-84B9-3FC1590AF909} = {76DA00CC-51A7-9646-84B9-3FC1590AF909}
		{982F3EF7-64DE-E44D-AFB3-01071AC2255D} = {982F3EF7-64DE-E44D-AFB3-01071AC2255D}
		{880C1B6F-E19C-D34E-BDF6-BB8AAFBFFACD} = {880C1B6F-E19C-D34E-BDF6-BB8AAFBFFACD}
		{B0831BA8-C1F9-484D-B651-308C74689092} = {B0831BA8-C1F9-484D-B651-308C74689092}
	EndProjectSection
EndProject
Project("{8BC9CEB8-8B4A-11D0-8D11-00A0C91BC942}") = "Test_PhysicsClientTCP", "Test_PhysicsClientTCP.vcxproj", "{B235C0B8-AB80-F24F-9668-4370765A485D}"
	ProjectSection(ProjectDependencies) = postProject
		{C886AA56-5593-D545-84C0-DEA5D200A29F} = {C886AA56-5593-D545-84C0-DEA5D200A29F}
		{982F3EF7-64DE-E44D-AFB3-01071AC2255D} = {982F3EF7-64DE-E44D-AFB3-01071AC2255D}
		{880C1B6F-E19C-D34E-BDF6-BB8AAFBFFACD} = {880C1B6F-E19C-D34E-BDF6-BB8AAFBFFACD}
		{B0831BA8-C1F9-484D-B651-308C74689092} = {B0831BA8-C1F9-484D-B651-308C74689092}
	EndProjectSection
EndProject
Project("{8BC9CEB8-8B4A-11D0-8D11-00A0C91BC942}") = "Test_PhysicsServerLoopBack", "Test_PhysicsServerLoopBack.vcxproj", "{A86A2C71-4792-E448-B269-C2B65CC62E06}"
	ProjectSection(ProjectDependencies) = postProject
		{ACD282DB-D520-6E4E-93A3-EB1C76C12329} = {ACD282DB-D520-6E4E-93A3-EB1C76C12329}
		{54623AD5-D221-8F4C-9B33-23C848A5D999} = {54623AD5-D221-8F4C-9B33-23C848A5D999}
		{982F3EF7-64DE-E44D-AFB3-01071AC2255D} = {982F3EF7-64DE-E44D-AFB3-01071AC2255D}
		{73FCF5DF-12E4-594C-B223-4CFF1EBB376B} = {73FCF5DF-12E4-594C-B223-4CFF1EBB376B}
		{880C1B6F-E19C-D34E-BDF6-BB8AAFBFFACD} = {880C1B6F-E19C-D34E-BDF6-BB8AAFBFFACD}
		{6796F156-2F3F-2C41-828A-524974FFFC3E} = {6796F156-2F3F-2C41-828A-524974FFFC3E}
		{358D6051-1B6B-9A46-93EA-9D78D5B1593E} = {358D6051-1B6B-9A46-93EA-9D78D5B1593E}
		{5DF8A5B2-3833-B541-AFC2-3A471E3D6E8F} = {5DF8A5B2-3833-B541-AFC2-3A471E3D6E8F}
		{B0831BA8-C1F9-484D-B651-308C74689092} = {B0831BA8-C1F9-484D-B651-308C74689092}
	EndProjectSection
EndProject
Project("{8BC9CEB8-8B4A-11D0-8D11-00A0C91BC942}") = "Test_PhysicsServerDirect", "Test_PhysicsServerDirect.vcxproj", "{6A3E3E61-196B-294D-90EC-65705257E29C}"
	ProjectSection(ProjectDependencies) = postProject
		{ACD282DB-D520-6E4E-93A3-EB1C76C12329} = {ACD282DB-D520-6E4E-93A3-EB1C76C12329}
		{54623AD5-D221-8F4C-9B33-23C848A5D999} = {54623AD5-D221-8F4C-9B33-23C848A5D999}
		{982F3EF7-64DE-E44D-AFB3-01071AC2255D} = {982F3EF7-64DE-E44D-AFB3-01071AC2255D}
		{73FCF5DF-12E4-594C-B223-4CFF1EBB376B} = {73FCF5DF-12E4-594C-B223-4CFF1EBB376B}
		{880C1B6F-E19C-D34E-BDF6-BB8AAFBFFACD} = {880C1B6F-E19C-D34E-BDF6-BB8AAFBFFACD}
		{6796F156-2F3F-2C41-828A-524974FFFC3E} = {6796F156-2F3F-2C41-828A-524974FFFC3E}
		{358D6051-1B6B-9A46-93EA-9D78D5B1593E} = {358D6051-1B6B-9A46-93EA-9D78D5B1593E}
		{5DF8A5B2-3833-B541-AFC2-3A471E3D6E8F} = {5DF8A5B2-3833-B541-AFC2-3A471E3D6E8F}
		{B0831BA8-C1F9-484D-B651-308C74689092} = {B0831BA8-C1F9-484D-B651-308C74689092}
	EndProjectSection
EndProject
Project("{8BC9CEB8-8B4A-11D0-8D11-00A0C91BC942}") = "Test_PhysicsServerInProcessExampleBrowser", "Test_PhysicsServerInProcessExampleBrowser.vcxproj", "{0043447E-947D-C64C-8D50-4CFF4659CBE9}"
	ProjectSection(ProjectDependencies) = postProject
		{B3AFFA12-F817-4948-B050-5D65CB2F439E} = {B3AFFA12-F817-4948-B050-5D65CB2F439E}
		{FB6D13D4-3437-E841-BD07-E469D27771C4} = {FB6D13D4-3437-E841-BD07-E469D27771C4}
		{C86CF65A-D1F0-564A-A5FB-671AA5F75E5E} = {C86CF65A-D1F0-564A-A5FB-671AA5F75E5E}
		{982F3EF7-64DE-E44D-AFB3-01071AC2255D} = {982F3EF7-64DE-E44D-AFB3-01071AC2255D}
		{73FCF5DF-12E4-594C-B223-4CFF1EBB376B} = {73FCF5DF-12E4-594C-B223-4CFF1EBB376B}
		{D7D4006D-6FE8-694B-9C96-281E52B57024} = {D7D4006D-6FE8-694B-9C96-281E52B57024}
		{ACD282DB-D520-6E4E-93A3-EB1C76C12329} = {ACD282DB-D520-6E4E-93A3-EB1C76C12329}
		{54623AD5-D221-8F4C-9B33-23C848A5D999} = {54623AD5-D221-8F4C-9B33-23C848A5D999}
		{6796F156-2F3F-2C41-828A-524974FFFC3E} = {6796F156-2F3F-2C41-828A-524974FFFC3E}
		{358D6051-1B6B-9A46-93EA-9D78D5B1593E} = {358D6051-1B6B-9A46-93EA-9D78D5B1593E}
		{B0831BA8-C1F9-484D-B651-308C74689092} = {B0831BA8-C1F9-484D-B651-308C74689092}
		{5DF8A5B2-3833-B541-AFC2-3A471E3D6E8F} = {5DF8A5B2-3833-B541-AFC2-3A471E3D6E8F}
		{880C1B6F-E19C-D34E-BDF6-BB8AAFBFFACD} = {880C1B6F-E19C-D34E-BDF6-BB8AAFBFFACD}
		{08C24B6E-0BA2-6845-B200-3B888A56760E} = {08C24B6E-0BA2-6845-B200-3B888A56760E}
		{402F8011-4D7F-0946-B648-0647CA84716F} = {402F8011-4D7F-0946-B648-0647CA84716F}
		{C9A0BA44-D14D-2045-B37B-5E46673828AF} = {C9A0BA44-D14D-2045-B37B-5E46673828AF}
		{24CFD78E-41A0-2B4A-ACC5-2A0EC6F7DF24} = {24CFD78E-41A0-2B4A-ACC5-2A0EC6F7DF24}
		{C886AA56-5593-D545-84C0-DEA5D200A29F} = {C886AA56-5593-D545-84C0-DEA5D200A29F}
	EndProjectSection
EndProject
Project("{8BC9CEB8-8B4A-11D0-8D11-00A0C91BC942}") = "clsocket", "clsocket.vcxproj", "{C886AA56-5593-D545-84C0-DEA5D200A29F}"
EndProject
Project("{8BC9CEB8-8B4A-11D0-8D11-00A0C91BC942}") = "Test_clsocket_EchoServer", "Test_clsocket_EchoServer.vcxproj", "{555A48A0-93FF-8F47-B1F0-237ED525A809}"
	ProjectSection(ProjectDependencies) = postProject
		{C886AA56-5593-D545-84C0-DEA5D200A29F} = {C886AA56-5593-D545-84C0-DEA5D200A29F}
	EndProjectSection
EndProject
Project("{8BC9CEB8-8B4A-11D0-8D11-00A0C91BC942}") = "Test_clsocket_QueryDayTime", "Test_clsocket_QueryDayTime.vcxproj", "{3004F9EC-3FCF-BA4A-AC04-423E591D8934}"
	ProjectSection(ProjectDependencies) = postProject
		{C886AA56-5593-D545-84C0-DEA5D200A29F} = {C886AA56-5593-D545-84C0-DEA5D200A29F}
	EndProjectSection
EndProject
Project("{8BC9CEB8-8B4A-11D0-8D11-00A0C91BC942}") = "enet", "enet.vcxproj", "{76DA00CC-51A7-9646-84B9-3FC1590AF909}"
EndProject
Project("{8BC9CEB8-8B4A-11D0-8D11-00A0C91BC942}") = "Test_enet_nat_punchthrough_client", "Test_enet_nat_punchthrough_client.vcxproj", "{602326A2-29A2-0445-B49B-BDBFDC5A8349}"
	ProjectSection(ProjectDependencies) = postProject
		{76DA00CC-51A7-9646-84B9-3FC1590AF909} = {76DA00CC-51A7-9646-84B9-3FC1590AF909}
	EndProjectSection
EndProject
Project("{8BC9CEB8-8B4A-11D0-8D11-00A0C91BC942}") = "Test_enet_nat_punchthrough_server", "Test_enet_nat_punchthrough_server.vcxproj", "{6C1ACC4A-2042-0B46-A819-6885C372F975}"
	ProjectSection(ProjectDependencies) = postProject
		{76DA00CC-51A7-9646-84B9-3FC1590AF909} = {76DA00CC-51A7-9646-84B9-3FC1590AF909}
	EndProjectSection
EndProject
Project("{8BC9CEB8-8B4A-11D0-8D11-00A0C91BC942}") = "Test_enet_chat_client", "Test_enet_chat_client.vcxproj", "{816DD058-D016-9946-96AE-9563C325C4F5}"
	ProjectSection(ProjectDependencies) = postProject
		{76DA00CC-51A7-9646-84B9-3FC1590AF909} = {76DA00CC-51A7-9646-84B9-3FC1590AF909}
	EndProjectSection
EndProject
Project("{8BC9CEB8-8B4A-11D0-8D11-00A0C91BC942}") = "Test_enet_chat_server", "Test_enet_chat_server.vcxproj", "{B51B9FA9-D203-154E-A55F-F65D7F437234}"
	ProjectSection(ProjectDependencies) = postProject
		{76DA00CC-51A7-9646-84B9-3FC1590AF909} = {76DA00CC-51A7-9646-84B9-3FC1590AF909}
	EndProjectSection
EndProject
Project("{8BC9CEB8-8B4A-11D0-8D11-00A0C91BC942}") = "Bullet3Common", "Bullet3Common.vcxproj", "{880C1B6F-E19C-D34E-BDF6-BB8AAFBFFACD}"
EndProject
Project("{8BC9CEB8-8B4A-11D0-8D11-00A0C91BC942}") = "Bullet3Geometry", "Bullet3Geometry.vcxproj", "{24CFD78E-41A0-2B4A-ACC5-2A0EC6F7DF24}"
EndProject
Project("{8BC9CEB8-8B4A-11D0-8D11-00A0C91BC942}") = "Bullet3Collision", "Bullet3Collision.vcxproj", "{C9A0BA44-D14D-2045-B37B-5E46673828AF}"
EndProject
Project("{8BC9CEB8-8B4A-11D0-8D11-00A0C91BC942}") = "Bullet3Dynamics", "Bullet3Dynamics.vcxproj", "{402F8011-4D7F-0946-B648-0647CA84716F}"
EndProject
Project("{8BC9CEB8-8B4A-11D0-8D11-00A0C91BC942}") = "Bullet3OpenCL_clew", "Bullet3OpenCL_clew.vcxproj", "{08C24B6E-0BA2-6845-B200-3B888A56760E}"
EndProject
Project("{8BC9CEB8-8B4A-11D0-8D11-00A0C91BC942}") = "Bullet2FileLoader", "Bullet2FileLoader.vcxproj", "{D1544AA1-FBAF-344C-9C44-D5C4E75B43AF}"
EndProject
Project("{8BC9CEB8-8B4A-11D0-8D11-00A0C91BC942}") = "HACD", "HACD.vcxproj", "{2092B45C-4830-D742-B3F0-C9974526AA3F}"
EndProject
Project("{8BC9CEB8-8B4A-11D0-8D11-00A0C91BC942}") = "vhacd", "vhacd.vcxproj", "{1223E7F2-199A-D446-8C40-399468856FF5}"
EndProject
Project("{8BC9CEB8-8B4A-11D0-8D11-00A0C91BC942}") = "test_vhacd", "test_vhacd.vcxproj", "{85ADDFE8-04ED-B94F-9807-8E1DA381AF48}"
	ProjectSection(ProjectDependencies) = postProject
		{1223E7F2-199A-D446-8C40-399468856FF5} = {1223E7F2-199A-D446-8C40-399468856FF5}
		{B0831BA8-C1F9-484D-B651-308C74689092} = {B0831BA8-C1F9-484D-B651-308C74689092}
	EndProjectSection
EndProject
Project("{8BC9CEB8-8B4A-11D0-8D11-00A0C91BC942}") = "ConvexDecomposition", "ConvexDecomposition.vcxproj", "{B9506C60-2E27-5146-971F-D42F5B90E670}"
EndProject
Project("{8BC9CEB8-8B4A-11D0-8D11-00A0C91BC942}") = "BulletInverseDynamicsUtils", "BulletInverseDynamicsUtils.vcxproj", "{ACD282DB-D520-6E4E-93A3-EB1C76C12329}"
EndProject
Project("{8BC9CEB8-8B4A-11D0-8D11-00A0C91BC942}") = "BulletFileLoader", "BulletFileLoader.vcxproj", "{982F3EF7-64DE-E44D-AFB3-01071AC2255D}"
EndProject
Project("{8BC9CEB8-8B4A-11D0-8D11-00A0C91BC942}") = "BulletWorldImporter", "BulletWorldImporter.vcxproj", "{73FCF5DF-12E4-594C-B223-4CFF1EBB376B}"
EndProject
Project("{8BC9CEB8-8B4A-11D0-8D11-00A0C91BC942}") = "BulletXmlWorldImporter", "BulletXmlWorldImporter.vcxproj", "{AC98BCA3-8904-BB48-B9A7-C4113C829B40}"
EndProject
Project("{8BC9CEB8-8B4A-11D0-8D11-00A0C91BC942}") = "App_obj2sdf", "App_obj2sdf.vcxproj", "{C5E8AE6D-6D11-8B45-909A-354C0A710494}"
	ProjectSection(ProjectDependencies) = postProject
		{880C1B6F-E19C-D34E-BDF6-BB8AAFBFFACD} = {880C1B6F-E19C-D34E-BDF6-BB8AAFBFFACD}
	EndProjectSection
EndProject
Project("{8BC9CEB8-8B4A-11D0-8D11-00A0C91BC942}") = "BulletRobotics", "BulletRobotics.vcxproj", "{FEC451B5-5448-B440-8930-B9BAAC73574E}"
	ProjectSection(ProjectDependencies) = postProject
		{B3AFFA12-F817-4948-B050-5D65CB2F439E} = {B3AFFA12-F817-4948-B050-5D65CB2F439E}
		{FB6D13D4-3437-E841-BD07-E469D27771C4} = {FB6D13D4-3437-E841-BD07-E469D27771C4}
		{982F3EF7-64DE-E44D-AFB3-01071AC2255D} = {982F3EF7-64DE-E44D-AFB3-01071AC2255D}
		{73FCF5DF-12E4-594C-B223-4CFF1EBB376B} = {73FCF5DF-12E4-594C-B223-4CFF1EBB376B}
		{C86CF65A-D1F0-564A-A5FB-671AA5F75E5E} = {C86CF65A-D1F0-564A-A5FB-671AA5F75E5E}
		{D7D4006D-6FE8-694B-9C96-281E52B57024} = {D7D4006D-6FE8-694B-9C96-281E52B57024}
		{ACD282DB-D520-6E4E-93A3-EB1C76C12329} = {ACD282DB-D520-6E4E-93A3-EB1C76C12329}
		{54623AD5-D221-8F4C-9B33-23C848A5D999} = {54623AD5-D221-8F4C-9B33-23C848A5D999}
		{6796F156-2F3F-2C41-828A-524974FFFC3E} = {6796F156-2F3F-2C41-828A-524974FFFC3E}
		{358D6051-1B6B-9A46-93EA-9D78D5B1593E} = {358D6051-1B6B-9A46-93EA-9D78D5B1593E}
		{B0831BA8-C1F9-484D-B651-308C74689092} = {B0831BA8-C1F9-484D-B651-308C74689092}
		{5DF8A5B2-3833-B541-AFC2-3A471E3D6E8F} = {5DF8A5B2-3833-B541-AFC2-3A471E3D6E8F}
		{880C1B6F-E19C-D34E-BDF6-BB8AAFBFFACD} = {880C1B6F-E19C-D34E-BDF6-BB8AAFBFFACD}
		{76DA00CC-51A7-9646-84B9-3FC1590AF909} = {76DA00CC-51A7-9646-84B9-3FC1590AF909}
		{C886AA56-5593-D545-84C0-DEA5D200A29F} = {C886AA56-5593-D545-84C0-DEA5D200A29F}
	EndProjectSection
EndProject
Project("{8BC9CEB8-8B4A-11D0-8D11-00A0C91BC942}") = "Test_LinearMath", "Test_LinearMath.vcxproj", "{7F124517-98B8-C84F-85BF-783AA2AB131E}"
	ProjectSection(ProjectDependencies) = postProject
		{6796F156-2F3F-2C41-828A-524974FFFC3E} = {6796F156-2F3F-2C41-828A-524974FFFC3E}
		{358D6051-1B6B-9A46-93EA-9D78D5B1593E} = {358D6051-1B6B-9A46-93EA-9D78D5B1593E}
		{B0831BA8-C1F9-484D-B651-308C74689092} = {B0831BA8-C1F9-484D-B651-308C74689092}
	EndProjectSection
EndProject
Project("{8BC9CEB8-8B4A-11D0-8D11-00A0C91BC942}") = "gtest", "gtest.vcxproj", "{9B17E2CE-566C-2B44-9499-1D8C63840E9F}"
EndProject
Project("{8BC9CEB8-8B4A-11D0-8D11-00A0C91BC942}") = "Test_BulletCollision", "Test_BulletCollision.vcxproj", "{0A301D80-E355-6140-9D1C-C62CE44B5360}"
	ProjectSection(ProjectDependencies) = postProject
		{B0831BA8-C1F9-484D-B651-308C74689092} = {B0831BA8-C1F9-484D-B651-308C74689092}
		{9B17E2CE-566C-2B44-9499-1D8C63840E9F} = {9B17E2CE-566C-2B44-9499-1D8C63840E9F}
	EndProjectSection
EndProject
Project("{8BC9CEB8-8B4A-11D0-8D11-00A0C91BC942}") = "Test_BulletDynamics", "Test_BulletDynamics.vcxproj", "{028A3F4E-A859-6D4B-8478-8AD2FBE4129D}"
	ProjectSection(ProjectDependencies) = postProject
		{6796F156-2F3F-2C41-828A-524974FFFC3E} = {6796F156-2F3F-2C41-828A-524974FFFC3E}
		{358D6051-1B6B-9A46-93EA-9D78D5B1593E} = {358D6051-1B6B-9A46-93EA-9D78D5B1593E}
		{B0831BA8-C1F9-484D-B651-308C74689092} = {B0831BA8-C1F9-484D-B651-308C74689092}
		{9B17E2CE-566C-2B44-9499-1D8C63840E9F} = {9B17E2CE-566C-2B44-9499-1D8C63840E9F}
	EndProjectSection
EndProject
Project("{8BC9CEB8-8B4A-11D0-8D11-00A0C91BC942}") = "Test_InverseDynamicsKinematics", "Test_InverseDynamicsKinematics.vcxproj", "{B0EF4E1D-48F0-AF4E-9A01-37CA30C9122B}"
	ProjectSection(ProjectDependencies) = postProject
		{ACD282DB-D520-6E4E-93A3-EB1C76C12329} = {ACD282DB-D520-6E4E-93A3-EB1C76C12329}
		{54623AD5-D221-8F4C-9B33-23C848A5D999} = {54623AD5-D221-8F4C-9B33-23C848A5D999}
		{880C1B6F-E19C-D34E-BDF6-BB8AAFBFFACD} = {880C1B6F-E19C-D34E-BDF6-BB8AAFBFFACD}
		{B0831BA8-C1F9-484D-B651-308C74689092} = {B0831BA8-C1F9-484D-B651-308C74689092}
		{9B17E2CE-566C-2B44-9499-1D8C63840E9F} = {9B17E2CE-566C-2B44-9499-1D8C63840E9F}
	EndProjectSection
EndProject
Project("{8BC9CEB8-8B4A-11D0-8D11-00A0C91BC942}") = "Test_InverseDynamicsJacobian", "Test_InverseDynamicsJacobian.vcxproj", "{FF5119F7-E998-D244-AA55-EABD62281A5D}"
	ProjectSection(ProjectDependencies) = postProject
		{ACD282DB-D520-6E4E-93A3-EB1C76C12329} = {ACD282DB-D520-6E4E-93A3-EB1C76C12329}
		{54623AD5-D221-8F4C-9B33-23C848A5D999} = {54623AD5-D221-8F4C-9B33-23C848A5D999}
		{880C1B6F-E19C-D34E-BDF6-BB8AAFBFFACD} = {880C1B6F-E19C-D34E-BDF6-BB8AAFBFFACD}
		{B0831BA8-C1F9-484D-B651-308C74689092} = {B0831BA8-C1F9-484D-B651-308C74689092}
		{9B17E2CE-566C-2B44-9499-1D8C63840E9F} = {9B17E2CE-566C-2B44-9499-1D8C63840E9F}
	EndProjectSection
EndProject
Project("{8BC9CEB8-8B4A-11D0-8D11-00A0C91BC942}") = "Test_InverseForwardDynamics", "Test_InverseForwardDynamics.vcxproj", "{DF32B502-B4F7-E94A-AC67-A129F64A20D6}"
	ProjectSection(ProjectDependencies) = postProject
		{6796F156-2F3F-2C41-828A-524974FFFC3E} = {6796F156-2F3F-2C41-828A-524974FFFC3E}
		{358D6051-1B6B-9A46-93EA-9D78D5B1593E} = {358D6051-1B6B-9A46-93EA-9D78D5B1593E}
		{ACD282DB-D520-6E4E-93A3-EB1C76C12329} = {ACD282DB-D520-6E4E-93A3-EB1C76C12329}
		{54623AD5-D221-8F4C-9B33-23C848A5D999} = {54623AD5-D221-8F4C-9B33-23C848A5D999}
		{880C1B6F-E19C-D34E-BDF6-BB8AAFBFFACD} = {880C1B6F-E19C-D34E-BDF6-BB8AAFBFFACD}
		{B0831BA8-C1F9-484D-B651-308C74689092} = {B0831BA8-C1F9-484D-B651-308C74689092}
		{9B17E2CE-566C-2B44-9499-1D8C63840E9F} = {9B17E2CE-566C-2B44-9499-1D8C63840E9F}
	EndProjectSection
EndProject
Project("{8BC9CEB8-8B4A-11D0-8D11-00A0C91BC942}") = "Test_OpenCL_Bullet3", "Test_OpenCL_Bullet3.vcxproj", "{59765D8F-D0AB-1341-A88F-A72B0C1299AF}"
	ProjectSection(ProjectDependencies) = postProject
		{9B17E2CE-566C-2B44-9499-1D8C63840E9F} = {9B17E2CE-566C-2B44-9499-1D8C63840E9F}
		{08C24B6E-0BA2-6845-B200-3B888A56760E} = {08C24B6E-0BA2-6845-B200-3B888A56760E}
		{880C1B6F-E19C-D34E-BDF6-BB8AAFBFFACD} = {880C1B6F-E19C-D34E-BDF6-BB8AAFBFFACD}
	EndProjectSection
EndProject
Project("{8BC9CEB8-8B4A-11D0-8D11-00A0C91BC942}") = "Test_Gwen_OpenGL", "Test_Gwen_OpenGL.vcxproj", "{80BD6833-5B9E-9044-AC17-F113D5148A8E}"
	ProjectSection(ProjectDependencies) = postProject
		{FB6D13D4-3437-E841-BD07-E469D27771C4} = {FB6D13D4-3437-E841-BD07-E469D27771C4}
		{880C1B6F-E19C-D34E-BDF6-BB8AAFBFFACD} = {880C1B6F-E19C-D34E-BDF6-BB8AAFBFFACD}
	EndProjectSection
EndProject
Project("{8BC9CEB8-8B4A-11D0-8D11-00A0C91BC942}") = "BulletInverseDynamics", "BulletInverseDynamics.vcxproj", "{54623AD5-D221-8F4C-9B33-23C848A5D999}"
EndProject
Project("{8BC9CEB8-8B4A-11D0-8D11-00A0C91BC942}") = "BulletSoftBody", "BulletSoftBody.vcxproj", "{D7D4006D-6FE8-694B-9C96-281E52B57024}"
EndProject
Project("{8BC9CEB8-8B4A-11D0-8D11-00A0C91BC942}") = "BulletDynamics", "BulletDynamics.vcxproj", "{6796F156-2F3F-2C41-828A-524974FFFC3E}"
EndProject
Project("{8BC9CEB8-8B4A-11D0-8D11-00A0C91BC942}") = "BulletCollision", "BulletCollision.vcxproj", "{358D6051-1B6B-9A46-93EA-9D78D5B1593E}"
EndProject
Project("{8BC9CEB8-8B4A-11D0-8D11-00A0C91BC942}") = "LinearMath", "LinearMath.vcxproj", "{B0831BA8-C1F9-484D-B651-308C74689092}"
EndProject
Global
	GlobalSection(SolutionConfigurationPlatforms) = preSolution
		Release|Win32 = Release|Win32
		Release|x64 = Release|x64
		Debug|Win32 = Debug|Win32
		Debug|x64 = Debug|x64
	EndGlobalSection
	GlobalSection(ProjectConfigurationPlatforms) = postSolution
		{21A3A30C-2417-DC4B-8230-9BFD66132D91}.Release|Win32.ActiveCfg = Release|Win32
		{21A3A30C-2417-DC4B-8230-9BFD66132D91}.Release|Win32.Build.0 = Release|Win32
		{21A3A30C-2417-DC4B-8230-9BFD66132D91}.Release|x64.ActiveCfg = Release|x64
		{21A3A30C-2417-DC4B-8230-9BFD66132D91}.Release|x64.Build.0 = Release|x64
		{21A3A30C-2417-DC4B-8230-9BFD66132D91}.Debug|Win32.ActiveCfg = Debug|Win32
		{21A3A30C-2417-DC4B-8230-9BFD66132D91}.Debug|Win32.Build.0 = Debug|Win32
		{21A3A30C-2417-DC4B-8230-9BFD66132D91}.Debug|x64.ActiveCfg = Debug|x64
		{21A3A30C-2417-DC4B-8230-9BFD66132D91}.Debug|x64.Build.0 = Debug|x64
		{B3AFFA12-F817-4948-B050-5D65CB2F439E}.Release|Win32.ActiveCfg = Release|Win32
		{B3AFFA12-F817-4948-B050-5D65CB2F439E}.Release|Win32.Build.0 = Release|Win32
		{B3AFFA12-F817-4948-B050-5D65CB2F439E}.Release|x64.ActiveCfg = Release|x64
		{B3AFFA12-F817-4948-B050-5D65CB2F439E}.Release|x64.Build.0 = Release|x64
		{B3AFFA12-F817-4948-B050-5D65CB2F439E}.Debug|Win32.ActiveCfg = Debug|Win32
		{B3AFFA12-F817-4948-B050-5D65CB2F439E}.Debug|Win32.Build.0 = Debug|Win32
		{B3AFFA12-F817-4948-B050-5D65CB2F439E}.Debug|x64.ActiveCfg = Debug|x64
		{B3AFFA12-F817-4948-B050-5D65CB2F439E}.Debug|x64.Build.0 = Debug|x64
		{39640C80-9BB1-EE40-8AC2-05E19328FBCB}.Release|Win32.ActiveCfg = Release|Win32
		{39640C80-9BB1-EE40-8AC2-05E19328FBCB}.Release|Win32.Build.0 = Release|Win32
		{39640C80-9BB1-EE40-8AC2-05E19328FBCB}.Release|x64.ActiveCfg = Release|x64
		{39640C80-9BB1-EE40-8AC2-05E19328FBCB}.Release|x64.Build.0 = Release|x64
		{39640C80-9BB1-EE40-8AC2-05E19328FBCB}.Debug|Win32.ActiveCfg = Debug|Win32
		{39640C80-9BB1-EE40-8AC2-05E19328FBCB}.Debug|Win32.Build.0 = Debug|Win32
		{39640C80-9BB1-EE40-8AC2-05E19328FBCB}.Debug|x64.ActiveCfg = Debug|x64
		{39640C80-9BB1-EE40-8AC2-05E19328FBCB}.Debug|x64.Build.0 = Debug|x64
		{739FC5F8-9B17-ED46-8680-8A44E558A6D6}.Release|Win32.ActiveCfg = Release|Win32
		{739FC5F8-9B17-ED46-8680-8A44E558A6D6}.Release|Win32.Build.0 = Release|Win32
		{739FC5F8-9B17-ED46-8680-8A44E558A6D6}.Release|x64.ActiveCfg = Release|x64
		{739FC5F8-9B17-ED46-8680-8A44E558A6D6}.Release|x64.Build.0 = Release|x64
		{739FC5F8-9B17-ED46-8680-8A44E558A6D6}.Debug|Win32.ActiveCfg = Debug|Win32
		{739FC5F8-9B17-ED46-8680-8A44E558A6D6}.Debug|Win32.Build.0 = Debug|Win32
		{739FC5F8-9B17-ED46-8680-8A44E558A6D6}.Debug|x64.ActiveCfg = Debug|x64
		{739FC5F8-9B17-ED46-8680-8A44E558A6D6}.Debug|x64.Build.0 = Debug|x64
		{C86CF65A-D1F0-564A-A5FB-671AA5F75E5E}.Release|Win32.ActiveCfg = Release|Win32
		{C86CF65A-D1F0-564A-A5FB-671AA5F75E5E}.Release|Win32.Build.0 = Release|Win32
		{C86CF65A-D1F0-564A-A5FB-671AA5F75E5E}.Release|x64.ActiveCfg = Release|x64
		{C86CF65A-D1F0-564A-A5FB-671AA5F75E5E}.Release|x64.Build.0 = Release|x64
		{C86CF65A-D1F0-564A-A5FB-671AA5F75E5E}.Debug|Win32.ActiveCfg = Debug|Win32
		{C86CF65A-D1F0-564A-A5FB-671AA5F75E5E}.Debug|Win32.Build.0 = Debug|Win32
		{C86CF65A-D1F0-564A-A5FB-671AA5F75E5E}.Debug|x64.ActiveCfg = Debug|x64
		{C86CF65A-D1F0-564A-A5FB-671AA5F75E5E}.Debug|x64.Build.0 = Debug|x64
		{FB6D13D4-3437-E841-BD07-E469D27771C4}.Release|Win32.ActiveCfg = Release|Win32
		{FB6D13D4-3437-E841-BD07-E469D27771C4}.Release|Win32.Build.0 = Release|Win32
		{FB6D13D4-3437-E841-BD07-E469D27771C4}.Release|x64.ActiveCfg = Release|x64
		{FB6D13D4-3437-E841-BD07-E469D27771C4}.Release|x64.Build.0 = Release|x64
		{FB6D13D4-3437-E841-BD07-E469D27771C4}.Debug|Win32.ActiveCfg = Debug|Win32
		{FB6D13D4-3437-E841-BD07-E469D27771C4}.Debug|Win32.Build.0 = Debug|Win32
		{FB6D13D4-3437-E841-BD07-E469D27771C4}.Debug|x64.ActiveCfg = Debug|x64
		{FB6D13D4-3437-E841-BD07-E469D27771C4}.Debug|x64.Build.0 = Debug|x64
		{7A2ADC8C-5420-4141-A4C6-0F20A85FE5A2}.Release|Win32.ActiveCfg = Release|Win32
		{7A2ADC8C-5420-4141-A4C6-0F20A85FE5A2}.Release|Win32.Build.0 = Release|Win32
		{7A2ADC8C-5420-4141-A4C6-0F20A85FE5A2}.Release|x64.ActiveCfg = Release|x64
		{7A2ADC8C-5420-4141-A4C6-0F20A85FE5A2}.Release|x64.Build.0 = Release|x64
		{7A2ADC8C-5420-4141-A4C6-0F20A85FE5A2}.Debug|Win32.ActiveCfg = Debug|Win32
		{7A2ADC8C-5420-4141-A4C6-0F20A85FE5A2}.Debug|Win32.Build.0 = Debug|Win32
		{7A2ADC8C-5420-4141-A4C6-0F20A85FE5A2}.Debug|x64.ActiveCfg = Debug|x64
		{7A2ADC8C-5420-4141-A4C6-0F20A85FE5A2}.Debug|x64.Build.0 = Debug|x64
		{08D68ED9-A9F2-CE46-A8DD-498A2BDE7415}.Release|Win32.ActiveCfg = Release|Win32
		{08D68ED9-A9F2-CE46-A8DD-498A2BDE7415}.Release|Win32.Build.0 = Release|Win32
		{08D68ED9-A9F2-CE46-A8DD-498A2BDE7415}.Release|x64.ActiveCfg = Release|x64
		{08D68ED9-A9F2-CE46-A8DD-498A2BDE7415}.Release|x64.Build.0 = Release|x64
		{08D68ED9-A9F2-CE46-A8DD-498A2BDE7415}.Debug|Win32.ActiveCfg = Debug|Win32
		{08D68ED9-A9F2-CE46-A8DD-498A2BDE7415}.Debug|Win32.Build.0 = Debug|Win32
		{08D68ED9-A9F2-CE46-A8DD-498A2BDE7415}.Debug|x64.ActiveCfg = Debug|x64
		{08D68ED9-A9F2-CE46-A8DD-498A2BDE7415}.Debug|x64.Build.0 = Debug|x64
		{66F0CAD8-5AE4-1F49-9906-24A638DA2586}.Release|Win32.ActiveCfg = Release|Win32
		{66F0CAD8-5AE4-1F49-9906-24A638DA2586}.Release|Win32.Build.0 = Release|Win32
		{66F0CAD8-5AE4-1F49-9906-24A638DA2586}.Release|x64.ActiveCfg = Release|x64
		{66F0CAD8-5AE4-1F49-9906-24A638DA2586}.Release|x64.Build.0 = Release|x64
		{66F0CAD8-5AE4-1F49-9906-24A638DA2586}.Debug|Win32.ActiveCfg = Debug|Win32
		{66F0CAD8-5AE4-1F49-9906-24A638DA2586}.Debug|Win32.Build.0 = Debug|Win32
		{66F0CAD8-5AE4-1F49-9906-24A638DA2586}.Debug|x64.ActiveCfg = Debug|x64
		{66F0CAD8-5AE4-1F49-9906-24A638DA2586}.Debug|x64.Build.0 = Debug|x64
		{42243B71-1AC3-CD4F-9328-9839D6737B8E}.Release|Win32.ActiveCfg = Release|Win32
		{42243B71-1AC3-CD4F-9328-9839D6737B8E}.Release|Win32.Build.0 = Release|Win32
		{42243B71-1AC3-CD4F-9328-9839D6737B8E}.Release|x64.ActiveCfg = Release|x64
		{42243B71-1AC3-CD4F-9328-9839D6737B8E}.Release|x64.Build.0 = Release|x64
		{42243B71-1AC3-CD4F-9328-9839D6737B8E}.Debug|Win32.ActiveCfg = Debug|Win32
		{42243B71-1AC3-CD4F-9328-9839D6737B8E}.Debug|Win32.Build.0 = Debug|Win32
		{42243B71-1AC3-CD4F-9328-9839D6737B8E}.Debug|x64.ActiveCfg = Debug|x64
		{42243B71-1AC3-CD4F-9328-9839D6737B8E}.Debug|x64.Build.0 = Debug|x64
		{03271328-DD9D-2C40-958D-9391AEC60AD6}.Release|Win32.ActiveCfg = Release|Win32
		{03271328-DD9D-2C40-958D-9391AEC60AD6}.Release|Win32.Build.0 = Release|Win32
		{03271328-DD9D-2C40-958D-9391AEC60AD6}.Release|x64.ActiveCfg = Release|x64
		{03271328-DD9D-2C40-958D-9391AEC60AD6}.Release|x64.Build.0 = Release|x64
		{03271328-DD9D-2C40-958D-9391AEC60AD6}.Debug|Win32.ActiveCfg = Debug|Win32
		{03271328-DD9D-2C40-958D-9391AEC60AD6}.Debug|Win32.Build.0 = Debug|Win32
		{03271328-DD9D-2C40-958D-9391AEC60AD6}.Debug|x64.ActiveCfg = Debug|x64
		{03271328-DD9D-2C40-958D-9391AEC60AD6}.Debug|x64.Build.0 = Debug|x64
		{62E444F1-04C8-F043-B5C9-71E8821D618D}.Release|Win32.ActiveCfg = Release|Win32
		{62E444F1-04C8-F043-B5C9-71E8821D618D}.Release|Win32.Build.0 = Release|Win32
		{62E444F1-04C8-F043-B5C9-71E8821D618D}.Release|x64.ActiveCfg = Release|x64
		{62E444F1-04C8-F043-B5C9-71E8821D618D}.Release|x64.Build.0 = Release|x64
		{62E444F1-04C8-F043-B5C9-71E8821D618D}.Debug|Win32.ActiveCfg = Debug|Win32
		{62E444F1-04C8-F043-B5C9-71E8821D618D}.Debug|Win32.Build.0 = Debug|Win32
		{62E444F1-04C8-F043-B5C9-71E8821D618D}.Debug|x64.ActiveCfg = Debug|x64
		{62E444F1-04C8-F043-B5C9-71E8821D618D}.Debug|x64.Build.0 = Debug|x64
		{B04837DD-AEA4-A349-9581-2054C79F997F}.Release|Win32.ActiveCfg = Release|Win32
		{B04837DD-AEA4-A349-9581-2054C79F997F}.Release|Win32.Build.0 = Release|Win32
		{B04837DD-AEA4-A349-9581-2054C79F997F}.Release|x64.ActiveCfg = Release|x64
		{B04837DD-AEA4-A349-9581-2054C79F997F}.Release|x64.Build.0 = Release|x64
		{B04837DD-AEA4-A349-9581-2054C79F997F}.Debug|Win32.ActiveCfg = Debug|Win32
		{B04837DD-AEA4-A349-9581-2054C79F997F}.Debug|Win32.Build.0 = Debug|Win32
		{B04837DD-AEA4-A349-9581-2054C79F997F}.Debug|x64.ActiveCfg = Debug|x64
		{B04837DD-AEA4-A349-9581-2054C79F997F}.Debug|x64.Build.0 = Debug|x64
		{1CB09113-6B7D-4349-986D-79DA62ABCF83}.Release|Win32.ActiveCfg = Release|Win32
		{1CB09113-6B7D-4349-986D-79DA62ABCF83}.Release|Win32.Build.0 = Release|Win32
		{1CB09113-6B7D-4349-986D-79DA62ABCF83}.Release|x64.ActiveCfg = Release|x64
		{1CB09113-6B7D-4349-986D-79DA62ABCF83}.Release|x64.Build.0 = Release|x64
		{1CB09113-6B7D-4349-986D-79DA62ABCF83}.Debug|Win32.ActiveCfg = Debug|Win32
		{1CB09113-6B7D-4349-986D-79DA62ABCF83}.Debug|Win32.Build.0 = Debug|Win32
		{1CB09113-6B7D-4349-986D-79DA62ABCF83}.Debug|x64.ActiveCfg = Debug|x64
		{1CB09113-6B7D-4349-986D-79DA62ABCF83}.Debug|x64.Build.0 = Debug|x64
		{820A5ADE-5FCD-2645-B371-30CB08DF6FC8}.Release|Win32.ActiveCfg = Release|Win32
		{820A5ADE-5FCD-2645-B371-30CB08DF6FC8}.Release|Win32.Build.0 = Release|Win32
		{820A5ADE-5FCD-2645-B371-30CB08DF6FC8}.Release|x64.ActiveCfg = Release|x64
		{820A5ADE-5FCD-2645-B371-30CB08DF6FC8}.Release|x64.Build.0 = Release|x64
		{820A5ADE-5FCD-2645-B371-30CB08DF6FC8}.Debug|Win32.ActiveCfg = Debug|Win32
		{820A5ADE-5FCD-2645-B371-30CB08DF6FC8}.Debug|Win32.Build.0 = Debug|Win32
		{820A5ADE-5FCD-2645-B371-30CB08DF6FC8}.Debug|x64.ActiveCfg = Debug|x64
		{820A5ADE-5FCD-2645-B371-30CB08DF6FC8}.Debug|x64.Build.0 = Debug|x64
		{373AE2FB-9C8D-E541-BA09-DE24667FEB9B}.Release|Win32.ActiveCfg = Release|Win32
		{373AE2FB-9C8D-E541-BA09-DE24667FEB9B}.Release|Win32.Build.0 = Release|Win32
		{373AE2FB-9C8D-E541-BA09-DE24667FEB9B}.Release|x64.ActiveCfg = Release|x64
		{373AE2FB-9C8D-E541-BA09-DE24667FEB9B}.Release|x64.Build.0 = Release|x64
		{373AE2FB-9C8D-E541-BA09-DE24667FEB9B}.Debug|Win32.ActiveCfg = Debug|Win32
		{373AE2FB-9C8D-E541-BA09-DE24667FEB9B}.Debug|Win32.Build.0 = Debug|Win32
		{373AE2FB-9C8D-E541-BA09-DE24667FEB9B}.Debug|x64.ActiveCfg = Debug|x64
		{373AE2FB-9C8D-E541-BA09-DE24667FEB9B}.Debug|x64.Build.0 = Debug|x64
		{5A150AF2-69A3-D348-A926-0A93DB284328}.Release|Win32.ActiveCfg = Release|Win32
		{5A150AF2-69A3-D348-A926-0A93DB284328}.Release|Win32.Build.0 = Release|Win32
		{5A150AF2-69A3-D348-A926-0A93DB284328}.Release|x64.ActiveCfg = Release|x64
		{5A150AF2-69A3-D348-A926-0A93DB284328}.Release|x64.Build.0 = Release|x64
		{5A150AF2-69A3-D348-A926-0A93DB284328}.Debug|Win32.ActiveCfg = Debug|Win32
		{5A150AF2-69A3-D348-A926-0A93DB284328}.Debug|Win32.Build.0 = Debug|Win32
		{5A150AF2-69A3-D348-A926-0A93DB284328}.Debug|x64.ActiveCfg = Debug|x64
		{5A150AF2-69A3-D348-A926-0A93DB284328}.Debug|x64.Build.0 = Debug|x64
		{56F0F770-9B64-B043-9B3C-5192174276E1}.Release|Win32.ActiveCfg = Release|Win32
		{56F0F770-9B64-B043-9B3C-5192174276E1}.Release|Win32.Build.0 = Release|Win32
		{56F0F770-9B64-B043-9B3C-5192174276E1}.Release|x64.ActiveCfg = Release|x64
		{56F0F770-9B64-B043-9B3C-5192174276E1}.Release|x64.Build.0 = Release|x64
		{56F0F770-9B64-B043-9B3C-5192174276E1}.Debug|Win32.ActiveCfg = Debug|Win32
		{56F0F770-9B64-B043-9B3C-5192174276E1}.Debug|Win32.Build.0 = Debug|Win32
		{56F0F770-9B64-B043-9B3C-5192174276E1}.Debug|x64.ActiveCfg = Debug|x64
		{56F0F770-9B64-B043-9B3C-5192174276E1}.Debug|x64.Build.0 = Debug|x64
		{88F7F7FA-4946-5448-AA3A-1FFF81B9E160}.Release|Win32.ActiveCfg = Release|Win32
		{88F7F7FA-4946-5448-AA3A-1FFF81B9E160}.Release|Win32.Build.0 = Release|Win32
		{88F7F7FA-4946-5448-AA3A-1FFF81B9E160}.Release|x64.ActiveCfg = Release|x64
		{88F7F7FA-4946-5448-AA3A-1FFF81B9E160}.Release|x64.Build.0 = Release|x64
		{88F7F7FA-4946-5448-AA3A-1FFF81B9E160}.Debug|Win32.ActiveCfg = Debug|Win32
		{88F7F7FA-4946-5448-AA3A-1FFF81B9E160}.Debug|Win32.Build.0 = Debug|Win32
		{88F7F7FA-4946-5448-AA3A-1FFF81B9E160}.Debug|x64.ActiveCfg = Debug|x64
		{88F7F7FA-4946-5448-AA3A-1FFF81B9E160}.Debug|x64.Build.0 = Debug|x64
		{5DF8A5B2-3833-B541-AFC2-3A471E3D6E8F}.Release|Win32.ActiveCfg = Release|Win32
		{5DF8A5B2-3833-B541-AFC2-3A471E3D6E8F}.Release|Win32.Build.0 = Release|Win32
		{5DF8A5B2-3833-B541-AFC2-3A471E3D6E8F}.Release|x64.ActiveCfg = Release|x64
		{5DF8A5B2-3833-B541-AFC2-3A471E3D6E8F}.Release|x64.Build.0 = Release|x64
		{5DF8A5B2-3833-B541-AFC2-3A471E3D6E8F}.Debug|Win32.ActiveCfg = Debug|Win32
		{5DF8A5B2-3833-B541-AFC2-3A471E3D6E8F}.Debug|Win32.Build.0 = Debug|Win32
		{5DF8A5B2-3833-B541-AFC2-3A471E3D6E8F}.Debug|x64.ActiveCfg = Debug|x64
		{5DF8A5B2-3833-B541-AFC2-3A471E3D6E8F}.Debug|x64.Build.0 = Debug|x64
		{A6900775-EF89-0F4E-BB28-94D60098052F}.Release|Win32.ActiveCfg = Release|Win32
		{A6900775-EF89-0F4E-BB28-94D60098052F}.Release|Win32.Build.0 = Release|Win32
		{A6900775-EF89-0F4E-BB28-94D60098052F}.Release|x64.ActiveCfg = Release|x64
		{A6900775-EF89-0F4E-BB28-94D60098052F}.Release|x64.Build.0 = Release|x64
		{A6900775-EF89-0F4E-BB28-94D60098052F}.Debug|Win32.ActiveCfg = Debug|Win32
		{A6900775-EF89-0F4E-BB28-94D60098052F}.Debug|Win32.Build.0 = Debug|Win32
		{A6900775-EF89-0F4E-BB28-94D60098052F}.Debug|x64.ActiveCfg = Debug|x64
		{A6900775-EF89-0F4E-BB28-94D60098052F}.Debug|x64.Build.0 = Debug|x64
		{DEFE1FB8-FEA8-7F4A-827B-B39EC8A5AFD2}.Release|Win32.ActiveCfg = Release|Win32
		{DEFE1FB8-FEA8-7F4A-827B-B39EC8A5AFD2}.Release|Win32.Build.0 = Release|Win32
		{DEFE1FB8-FEA8-7F4A-827B-B39EC8A5AFD2}.Release|x64.ActiveCfg = Release|x64
		{DEFE1FB8-FEA8-7F4A-827B-B39EC8A5AFD2}.Release|x64.Build.0 = Release|x64
		{DEFE1FB8-FEA8-7F4A-827B-B39EC8A5AFD2}.Debug|Win32.ActiveCfg = Debug|Win32
		{DEFE1FB8-FEA8-7F4A-827B-B39EC8A5AFD2}.Debug|Win32.Build.0 = Debug|Win32
		{DEFE1FB8-FEA8-7F4A-827B-B39EC8A5AFD2}.Debug|x64.ActiveCfg = Debug|x64
		{DEFE1FB8-FEA8-7F4A-827B-B39EC8A5AFD2}.Debug|x64.Build.0 = Debug|x64
		{058509F7-2037-9240-ACB2-A5324539A773}.Release|Win32.ActiveCfg = Release|Win32
		{058509F7-2037-9240-ACB2-A5324539A773}.Release|Win32.Build.0 = Release|Win32
		{058509F7-2037-9240-ACB2-A5324539A773}.Release|x64.ActiveCfg = Release|x64
		{058509F7-2037-9240-ACB2-A5324539A773}.Release|x64.Build.0 = Release|x64
		{058509F7-2037-9240-ACB2-A5324539A773}.Debug|Win32.ActiveCfg = Debug|Win32
		{058509F7-2037-9240-ACB2-A5324539A773}.Debug|Win32.Build.0 = Debug|Win32
		{058509F7-2037-9240-ACB2-A5324539A773}.Debug|x64.ActiveCfg = Debug|x64
		{058509F7-2037-9240-ACB2-A5324539A773}.Debug|x64.Build.0 = Debug|x64
		{B235C0B8-AB80-F24F-9668-4370765A485D}.Release|Win32.ActiveCfg = Release|Win32
		{B235C0B8-AB80-F24F-9668-4370765A485D}.Release|Win32.Build.0 = Release|Win32
		{B235C0B8-AB80-F24F-9668-4370765A485D}.Release|x64.ActiveCfg = Release|x64
		{B235C0B8-AB80-F24F-9668-4370765A485D}.Release|x64.Build.0 = Release|x64
		{B235C0B8-AB80-F24F-9668-4370765A485D}.Debug|Win32.ActiveCfg = Debug|Win32
		{B235C0B8-AB80-F24F-9668-4370765A485D}.Debug|Win32.Build.0 = Debug|Win32
		{B235C0B8-AB80-F24F-9668-4370765A485D}.Debug|x64.ActiveCfg = Debug|x64
		{B235C0B8-AB80-F24F-9668-4370765A485D}.Debug|x64.Build.0 = Debug|x64
		{A86A2C71-4792-E448-B269-C2B65CC62E06}.Release|Win32.ActiveCfg = Release|Win32
		{A86A2C71-4792-E448-B269-C2B65CC62E06}.Release|Win32.Build.0 = Release|Win32
		{A86A2C71-4792-E448-B269-C2B65CC62E06}.Release|x64.ActiveCfg = Release|x64
		{A86A2C71-4792-E448-B269-C2B65CC62E06}.Release|x64.Build.0 = Release|x64
		{A86A2C71-4792-E448-B269-C2B65CC62E06}.Debug|Win32.ActiveCfg = Debug|Win32
		{A86A2C71-4792-E448-B269-C2B65CC62E06}.Debug|Win32.Build.0 = Debug|Win32
		{A86A2C71-4792-E448-B269-C2B65CC62E06}.Debug|x64.ActiveCfg = Debug|x64
		{A86A2C71-4792-E448-B269-C2B65CC62E06}.Debug|x64.Build.0 = Debug|x64
		{6A3E3E61-196B-294D-90EC-65705257E29C}.Release|Win32.ActiveCfg = Release|Win32
		{6A3E3E61-196B-294D-90EC-65705257E29C}.Release|Win32.Build.0 = Release|Win32
		{6A3E3E61-196B-294D-90EC-65705257E29C}.Release|x64.ActiveCfg = Release|x64
		{6A3E3E61-196B-294D-90EC-65705257E29C}.Release|x64.Build.0 = Release|x64
		{6A3E3E61-196B-294D-90EC-65705257E29C}.Debug|Win32.ActiveCfg = Debug|Win32
		{6A3E3E61-196B-294D-90EC-65705257E29C}.Debug|Win32.Build.0 = Debug|Win32
		{6A3E3E61-196B-294D-90EC-65705257E29C}.Debug|x64.ActiveCfg = Debug|x64
		{6A3E3E61-196B-294D-90EC-65705257E29C}.Debug|x64.Build.0 = Debug|x64
		{0043447E-947D-C64C-8D50-4CFF4659CBE9}.Release|Win32.ActiveCfg = Release|Win32
		{0043447E-947D-C64C-8D50-4CFF4659CBE9}.Release|Win32.Build.0 = Release|Win32
		{0043447E-947D-C64C-8D50-4CFF4659CBE9}.Release|x64.ActiveCfg = Release|x64
		{0043447E-947D-C64C-8D50-4CFF4659CBE9}.Release|x64.Build.0 = Release|x64
		{0043447E-947D-C64C-8D50-4CFF4659CBE9}.Debug|Win32.ActiveCfg = Debug|Win32
		{0043447E-947D-C64C-8D50-4CFF4659CBE9}.Debug|Win32.Build.0 = Debug|Win32
		{0043447E-947D-C64C-8D50-4CFF4659CBE9}.Debug|x64.ActiveCfg = Debug|x64
		{0043447E-947D-C64C-8D50-4CFF4659CBE9}.Debug|x64.Build.0 = Debug|x64
		{C886AA56-5593-D545-84C0-DEA5D200A29F}.Release|Win32.ActiveCfg = Release|Win32
		{C886AA56-5593-D545-84C0-DEA5D200A29F}.Release|Win32.Build.0 = Release|Win32
		{C886AA56-5593-D545-84C0-DEA5D200A29F}.Release|x64.ActiveCfg = Release|x64
		{C886AA56-5593-D545-84C0-DEA5D200A29F}.Release|x64.Build.0 = Release|x64
		{C886AA56-5593-D545-84C0-DEA5D200A29F}.Debug|Win32.ActiveCfg = Debug|Win32
		{C886AA56-5593-D545-84C0-DEA5D200A29F}.Debug|Win32.Build.0 = Debug|Win32
		{C886AA56-5593-D545-84C0-DEA5D200A29F}.Debug|x64.ActiveCfg = Debug|x64
		{C886AA56-5593-D545-84C0-DEA5D200A29F}.Debug|x64.Build.0 = Debug|x64
		{555A48A0-93FF-8F47-B1F0-237ED525A809}.Release|Win32.ActiveCfg = Release|Win32
		{555A48A0-93FF-8F47-B1F0-237ED525A809}.Release|Win32.Build.0 = Release|Win32
		{555A48A0-93FF-8F47-B1F0-237ED525A809}.Release|x64.ActiveCfg = Release|x64
		{555A48A0-93FF-8F47-B1F0-237ED525A809}.Release|x64.Build.0 = Release|x64
		{555A48A0-93FF-8F47-B1F0-237ED525A809}.Debug|Win32.ActiveCfg = Debug|Win32
		{555A48A0-93FF-8F47-B1F0-237ED525A809}.Debug|Win32.Build.0 = Debug|Win32
		{555A48A0-93FF-8F47-B1F0-237ED525A809}.Debug|x64.ActiveCfg = Debug|x64
		{555A48A0-93FF-8F47-B1F0-237ED525A809}.Debug|x64.Build.0 = Debug|x64
		{3004F9EC-3FCF-BA4A-AC04-423E591D8934}.Release|Win32.ActiveCfg = Release|Win32
		{3004F9EC-3FCF-BA4A-AC04-423E591D8934}.Release|Win32.Build.0 = Release|Win32
		{3004F9EC-3FCF-BA4A-AC04-423E591D8934}.Release|x64.ActiveCfg = Release|x64
		{3004F9EC-3FCF-BA4A-AC04-423E591D8934}.Release|x64.Build.0 = Release|x64
		{3004F9EC-3FCF-BA4A-AC04-423E591D8934}.Debug|Win32.ActiveCfg = Debug|Win32
		{3004F9EC-3FCF-BA4A-AC04-423E591D8934}.Debug|Win32.Build.0 = Debug|Win32
		{3004F9EC-3FCF-BA4A-AC04-423E591D8934}.Debug|x64.ActiveCfg = Debug|x64
		{3004F9EC-3FCF-BA4A-AC04-423E591D8934}.Debug|x64.Build.0 = Debug|x64
		{76DA00CC-51A7-9646-84B9-3FC1590AF909}.Release|Win32.ActiveCfg = Release|Win32
		{76DA00CC-51A7-9646-84B9-3FC1590AF909}.Release|Win32.Build.0 = Release|Win32
		{76DA00CC-51A7-9646-84B9-3FC1590AF909}.Release|x64.ActiveCfg = Release|x64
		{76DA00CC-51A7-9646-84B9-3FC1590AF909}.Release|x64.Build.0 = Release|x64
		{76DA00CC-51A7-9646-84B9-3FC1590AF909}.Debug|Win32.ActiveCfg = Debug|Win32
		{76DA00CC-51A7-9646-84B9-3FC1590AF909}.Debug|Win32.Build.0 = Debug|Win32
		{76DA00CC-51A7-9646-84B9-3FC1590AF909}.Debug|x64.ActiveCfg = Debug|x64
		{76DA00CC-51A7-9646-84B9-3FC1590AF909}.Debug|x64.Build.0 = Debug|x64
		{602326A2-29A2-0445-B49B-BDBFDC5A8349}.Release|Win32.ActiveCfg = Release|Win32
		{602326A2-29A2-0445-B49B-BDBFDC5A8349}.Release|Win32.Build.0 = Release|Win32
		{602326A2-29A2-0445-B49B-BDBFDC5A8349}.Release|x64.ActiveCfg = Release|x64
		{602326A2-29A2-0445-B49B-BDBFDC5A8349}.Release|x64.Build.0 = Release|x64
		{602326A2-29A2-0445-B49B-BDBFDC5A8349}.Debug|Win32.ActiveCfg = Debug|Win32
		{602326A2-29A2-0445-B49B-BDBFDC5A8349}.Debug|Win32.Build.0 = Debug|Win32
		{602326A2-29A2-0445-B49B-BDBFDC5A8349}.Debug|x64.ActiveCfg = Debug|x64
		{602326A2-29A2-0445-B49B-BDBFDC5A8349}.Debug|x64.Build.0 = Debug|x64
		{6C1ACC4A-2042-0B46-A819-6885C372F975}.Release|Win32.ActiveCfg = Release|Win32
		{6C1ACC4A-2042-0B46-A819-6885C372F975}.Release|Win32.Build.0 = Release|Win32
		{6C1ACC4A-2042-0B46-A819-6885C372F975}.Release|x64.ActiveCfg = Release|x64
		{6C1ACC4A-2042-0B46-A819-6885C372F975}.Release|x64.Build.0 = Release|x64
		{6C1ACC4A-2042-0B46-A819-6885C372F975}.Debug|Win32.ActiveCfg = Debug|Win32
		{6C1ACC4A-2042-0B46-A819-6885C372F975}.Debug|Win32.Build.0 = Debug|Win32
		{6C1ACC4A-2042-0B46-A819-6885C372F975}.Debug|x64.ActiveCfg = Debug|x64
		{6C1ACC4A-2042-0B46-A819-6885C372F975}.Debug|x64.Build.0 = Debug|x64
		{816DD058-D016-9946-96AE-9563C325C4F5}.Release|Win32.ActiveCfg = Release|Win32
		{816DD058-D016-9946-96AE-9563C325C4F5}.Release|Win32.Build.0 = Release|Win32
		{816DD058-D016-9946-96AE-9563C325C4F5}.Release|x64.ActiveCfg = Release|x64
		{816DD058-D016-9946-96AE-9563C325C4F5}.Release|x64.Build.0 = Release|x64
		{816DD058-D016-9946-96AE-9563C325C4F5}.Debug|Win32.ActiveCfg = Debug|Win32
		{816DD058-D016-9946-96AE-9563C325C4F5}.Debug|Win32.Build.0 = Debug|Win32
		{816DD058-D016-9946-96AE-9563C325C4F5}.Debug|x64.ActiveCfg = Debug|x64
		{816DD058-D016-9946-96AE-9563C325C4F5}.Debug|x64.Build.0 = Debug|x64
		{B51B9FA9-D203-154E-A55F-F65D7F437234}.Release|Win32.ActiveCfg = Release|Win32
		{B51B9FA9-D203-154E-A55F-F65D7F437234}.Release|Win32.Build.0 = Release|Win32
		{B51B9FA9-D203-154E-A55F-F65D7F437234}.Release|x64.ActiveCfg = Release|x64
		{B51B9FA9-D203-154E-A55F-F65D7F437234}.Release|x64.Build.0 = Release|x64
		{B51B9FA9-D203-154E-A55F-F65D7F437234}.Debug|Win32.ActiveCfg = Debug|Win32
		{B51B9FA9-D203-154E-A55F-F65D7F437234}.Debug|Win32.Build.0 = Debug|Win32
		{B51B9FA9-D203-154E-A55F-F65D7F437234}.Debug|x64.ActiveCfg = Debug|x64
		{B51B9FA9-D203-154E-A55F-F65D7F437234}.Debug|x64.Build.0 = Debug|x64
		{880C1B6F-E19C-D34E-BDF6-BB8AAFBFFACD}.Release|Win32.ActiveCfg = Release|Win32
		{880C1B6F-E19C-D34E-BDF6-BB8AAFBFFACD}.Release|Win32.Build.0 = Release|Win32
		{880C1B6F-E19C-D34E-BDF6-BB8AAFBFFACD}.Release|x64.ActiveCfg = Release|x64
		{880C1B6F-E19C-D34E-BDF6-BB8AAFBFFACD}.Release|x64.Build.0 = Release|x64
		{880C1B6F-E19C-D34E-BDF6-BB8AAFBFFACD}.Debug|Win32.ActiveCfg = Debug|Win32
		{880C1B6F-E19C-D34E-BDF6-BB8AAFBFFACD}.Debug|Win32.Build.0 = Debug|Win32
		{880C1B6F-E19C-D34E-BDF6-BB8AAFBFFACD}.Debug|x64.ActiveCfg = Debug|x64
		{880C1B6F-E19C-D34E-BDF6-BB8AAFBFFACD}.Debug|x64.Build.0 = Debug|x64
		{24CFD78E-41A0-2B4A-ACC5-2A0EC6F7DF24}.Release|Win32.ActiveCfg = Release|Win32
		{24CFD78E-41A0-2B4A-ACC5-2A0EC6F7DF24}.Release|Win32.Build.0 = Release|Win32
		{24CFD78E-41A0-2B4A-ACC5-2A0EC6F7DF24}.Release|x64.ActiveCfg = Release|x64
		{24CFD78E-41A0-2B4A-ACC5-2A0EC6F7DF24}.Release|x64.Build.0 = Release|x64
		{24CFD78E-41A0-2B4A-ACC5-2A0EC6F7DF24}.Debug|Win32.ActiveCfg = Debug|Win32
		{24CFD78E-41A0-2B4A-ACC5-2A0EC6F7DF24}.Debug|Win32.Build.0 = Debug|Win32
		{24CFD78E-41A0-2B4A-ACC5-2A0EC6F7DF24}.Debug|x64.ActiveCfg = Debug|x64
		{24CFD78E-41A0-2B4A-ACC5-2A0EC6F7DF24}.Debug|x64.Build.0 = Debug|x64
		{C9A0BA44-D14D-2045-B37B-5E46673828AF}.Release|Win32.ActiveCfg = Release|Win32
		{C9A0BA44-D14D-2045-B37B-5E46673828AF}.Release|Win32.Build.0 = Release|Win32
		{C9A0BA44-D14D-2045-B37B-5E46673828AF}.Release|x64.ActiveCfg = Release|x64
		{C9A0BA44-D14D-2045-B37B-5E46673828AF}.Release|x64.Build.0 = Release|x64
		{C9A0BA44-D14D-2045-B37B-5E46673828AF}.Debug|Win32.ActiveCfg = Debug|Win32
		{C9A0BA44-D14D-2045-B37B-5E46673828AF}.Debug|Win32.Build.0 = Debug|Win32
		{C9A0BA44-D14D-2045-B37B-5E46673828AF}.Debug|x64.ActiveCfg = Debug|x64
		{C9A0BA44-D14D-2045-B37B-5E46673828AF}.Debug|x64.Build.0 = Debug|x64
		{402F8011-4D7F-0946-B648-0647CA84716F}.Release|Win32.ActiveCfg = Release|Win32
		{402F8011-4D7F-0946-B648-0647CA84716F}.Release|Win32.Build.0 = Release|Win32
		{402F8011-4D7F-0946-B648-0647CA84716F}.Release|x64.ActiveCfg = Release|x64
		{402F8011-4D7F-0946-B648-0647CA84716F}.Release|x64.Build.0 = Release|x64
		{402F8011-4D7F-0946-B648-0647CA84716F}.Debug|Win32.ActiveCfg = Debug|Win32
		{402F8011-4D7F-0946-B648-0647CA84716F}.Debug|Win32.Build.0 = Debug|Win32
		{402F8011-4D7F-0946-B648-0647CA84716F}.Debug|x64.ActiveCfg = Debug|x64
		{402F8011-4D7F-0946-B648-0647CA84716F}.Debug|x64.Build.0 = Debug|x64
		{08C24B6E-0BA2-6845-B200-3B888A56760E}.Release|Win32.ActiveCfg = Release|Win32
		{08C24B6E-0BA2-6845-B200-3B888A56760E}.Release|Win32.Build.0 = Release|Win32
		{08C24B6E-0BA2-6845-B200-3B888A56760E}.Release|x64.ActiveCfg = Release|x64
		{08C24B6E-0BA2-6845-B200-3B888A56760E}.Release|x64.Build.0 = Release|x64
		{08C24B6E-0BA2-6845-B200-3B888A56760E}.Debug|Win32.ActiveCfg = Debug|Win32
		{08C24B6E-0BA2-6845-B200-3B888A56760E}.Debug|Win32.Build.0 = Debug|Win32
		{08C24B6E-0BA2-6845-B200-3B888A56760E}.Debug|x64.ActiveCfg = Debug|x64
		{08C24B6E-0BA2-6845-B200-3B888A56760E}.Debug|x64.Build.0 = Debug|x64
		{D1544AA1-FBAF-344C-9C44-D5C4E75B43AF}.Release|Win32.ActiveCfg = Release|Win32
		{D1544AA1-FBAF-344C-9C44-D5C4E75B43AF}.Release|Win32.Build.0 = Release|Win32
		{D1544AA1-FBAF-344C-9C44-D5C4E75B43AF}.Release|x64.ActiveCfg = Release|x64
		{D1544AA1-FBAF-344C-9C44-D5C4E75B43AF}.Release|x64.Build.0 = Release|x64
		{D1544AA1-FBAF-344C-9C44-D5C4E75B43AF}.Debug|Win32.ActiveCfg = Debug|Win32
		{D1544AA1-FBAF-344C-9C44-D5C4E75B43AF}.Debug|Win32.Build.0 = Debug|Win32
		{D1544AA1-FBAF-344C-9C44-D5C4E75B43AF}.Debug|x64.ActiveCfg = Debug|x64
		{D1544AA1-FBAF-344C-9C44-D5C4E75B43AF}.Debug|x64.Build.0 = Debug|x64
		{2092B45C-4830-D742-B3F0-C9974526AA3F}.Release|Win32.ActiveCfg = Release|Win32
		{2092B45C-4830-D742-B3F0-C9974526AA3F}.Release|Win32.Build.0 = Release|Win32
		{2092B45C-4830-D742-B3F0-C9974526AA3F}.Release|x64.ActiveCfg = Release|x64
		{2092B45C-4830-D742-B3F0-C9974526AA3F}.Release|x64.Build.0 = Release|x64
		{2092B45C-4830-D742-B3F0-C9974526AA3F}.Debug|Win32.ActiveCfg = Debug|Win32
		{2092B45C-4830-D742-B3F0-C9974526AA3F}.Debug|Win32.Build.0 = Debug|Win32
		{2092B45C-4830-D742-B3F0-C9974526AA3F}.Debug|x64.ActiveCfg = Debug|x64
		{2092B45C-4830-D742-B3F0-C9974526AA3F}.Debug|x64.Build.0 = Debug|x64
		{1223E7F2-199A-D446-8C40-399468856FF5}.Release|Win32.ActiveCfg = Release|Win32
		{1223E7F2-199A-D446-8C40-399468856FF5}.Release|Win32.Build.0 = Release|Win32
		{1223E7F2-199A-D446-8C40-399468856FF5}.Release|x64.ActiveCfg = Release|x64
		{1223E7F2-199A-D446-8C40-399468856FF5}.Release|x64.Build.0 = Release|x64
		{1223E7F2-199A-D446-8C40-399468856FF5}.Debug|Win32.ActiveCfg = Debug|Win32
		{1223E7F2-199A-D446-8C40-399468856FF5}.Debug|Win32.Build.0 = Debug|Win32
		{1223E7F2-199A-D446-8C40-399468856FF5}.Debug|x64.ActiveCfg = Debug|x64
		{1223E7F2-199A-D446-8C40-399468856FF5}.Debug|x64.Build.0 = Debug|x64
		{85ADDFE8-04ED-B94F-9807-8E1DA381AF48}.Release|Win32.ActiveCfg = Release|Win32
		{85ADDFE8-04ED-B94F-9807-8E1DA381AF48}.Release|Win32.Build.0 = Release|Win32
		{85ADDFE8-04ED-B94F-9807-8E1DA381AF48}.Release|x64.ActiveCfg = Release|x64
		{85ADDFE8-04ED-B94F-9807-8E1DA381AF48}.Release|x64.Build.0 = Release|x64
		{85ADDFE8-04ED-B94F-9807-8E1DA381AF48}.Debug|Win32.ActiveCfg = Debug|Win32
		{85ADDFE8-04ED-B94F-9807-8E1DA381AF48}.Debug|Win32.Build.0 = Debug|Win32
		{85ADDFE8-04ED-B94F-9807-8E1DA381AF48}.Debug|x64.ActiveCfg = Debug|x64
		{85ADDFE8-04ED-B94F-9807-8E1DA381AF48}.Debug|x64.Build.0 = Debug|x64
		{B9506C60-2E27-5146-971F-D42F5B90E670}.Release|Win32.ActiveCfg = Release|Win32
		{B9506C60-2E27-5146-971F-D42F5B90E670}.Release|Win32.Build.0 = Release|Win32
		{B9506C60-2E27-5146-971F-D42F5B90E670}.Release|x64.ActiveCfg = Release|x64
		{B9506C60-2E27-5146-971F-D42F5B90E670}.Release|x64.Build.0 = Release|x64
		{B9506C60-2E27-5146-971F-D42F5B90E670}.Debug|Win32.ActiveCfg = Debug|Win32
		{B9506C60-2E27-5146-971F-D42F5B90E670}.Debug|Win32.Build.0 = Debug|Win32
		{B9506C60-2E27-5146-971F-D42F5B90E670}.Debug|x64.ActiveCfg = Debug|x64
		{B9506C60-2E27-5146-971F-D42F5B90E670}.Debug|x64.Build.0 = Debug|x64
		{ACD282DB-D520-6E4E-93A3-EB1C76C12329}.Release|Win32.ActiveCfg = Release|Win32
		{ACD282DB-D520-6E4E-93A3-EB1C76C12329}.Release|Win32.Build.0 = Release|Win32
		{ACD282DB-D520-6E4E-93A3-EB1C76C12329}.Release|x64.ActiveCfg = Release|x64
		{ACD282DB-D520-6E4E-93A3-EB1C76C12329}.Release|x64.Build.0 = Release|x64
		{ACD282DB-D520-6E4E-93A3-EB1C76C12329}.Debug|Win32.ActiveCfg = Debug|Win32
		{ACD282DB-D520-6E4E-93A3-EB1C76C12329}.Debug|Win32.Build.0 = Debug|Win32
		{ACD282DB-D520-6E4E-93A3-EB1C76C12329}.Debug|x64.ActiveCfg = Debug|x64
		{ACD282DB-D520-6E4E-93A3-EB1C76C12329}.Debug|x64.Build.0 = Debug|x64
		{982F3EF7-64DE-E44D-AFB3-01071AC2255D}.Release|Win32.ActiveCfg = Release|Win32
		{982F3EF7-64DE-E44D-AFB3-01071AC2255D}.Release|Win32.Build.0 = Release|Win32
		{982F3EF7-64DE-E44D-AFB3-01071AC2255D}.Release|x64.ActiveCfg = Release|x64
		{982F3EF7-64DE-E44D-AFB3-01071AC2255D}.Release|x64.Build.0 = Release|x64
		{982F3EF7-64DE-E44D-AFB3-01071AC2255D}.Debug|Win32.ActiveCfg = Debug|Win32
		{982F3EF7-64DE-E44D-AFB3-01071AC2255D}.Debug|Win32.Build.0 = Debug|Win32
		{982F3EF7-64DE-E44D-AFB3-01071AC2255D}.Debug|x64.ActiveCfg = Debug|x64
		{982F3EF7-64DE-E44D-AFB3-01071AC2255D}.Debug|x64.Build.0 = Debug|x64
		{73FCF5DF-12E4-594C-B223-4CFF1EBB376B}.Release|Win32.ActiveCfg = Release|Win32
		{73FCF5DF-12E4-594C-B223-4CFF1EBB376B}.Release|Win32.Build.0 = Release|Win32
		{73FCF5DF-12E4-594C-B223-4CFF1EBB376B}.Release|x64.ActiveCfg = Release|x64
		{73FCF5DF-12E4-594C-B223-4CFF1EBB376B}.Release|x64.Build.0 = Release|x64
		{73FCF5DF-12E4-594C-B223-4CFF1EBB376B}.Debug|Win32.ActiveCfg = Debug|Win32
		{73FCF5DF-12E4-594C-B223-4CFF1EBB376B}.Debug|Win32.Build.0 = Debug|Win32
		{73FCF5DF-12E4-594C-B223-4CFF1EBB376B}.Debug|x64.ActiveCfg = Debug|x64
		{73FCF5DF-12E4-594C-B223-4CFF1EBB376B}.Debug|x64.Build.0 = Debug|x64
		{AC98BCA3-8904-BB48-B9A7-C4113C829B40}.Release|Win32.ActiveCfg = Release|Win32
		{AC98BCA3-8904-BB48-B9A7-C4113C829B40}.Release|Win32.Build.0 = Release|Win32
		{AC98BCA3-8904-BB48-B9A7-C4113C829B40}.Release|x64.ActiveCfg = Release|x64
		{AC98BCA3-8904-BB48-B9A7-C4113C829B40}.Release|x64.Build.0 = Release|x64
		{AC98BCA3-8904-BB48-B9A7-C4113C829B40}.Debug|Win32.ActiveCfg = Debug|Win32
		{AC98BCA3-8904-BB48-B9A7-C4113C829B40}.Debug|Win32.Build.0 = Debug|Win32
		{AC98BCA3-8904-BB48-B9A7-C4113C829B40}.Debug|x64.ActiveCfg = Debug|x64
		{AC98BCA3-8904-BB48-B9A7-C4113C829B40}.Debug|x64.Build.0 = Debug|x64
		{C5E8AE6D-6D11-8B45-909A-354C0A710494}.Release|Win32.ActiveCfg = Release|Win32
		{C5E8AE6D-6D11-8B45-909A-354C0A710494}.Release|Win32.Build.0 = Release|Win32
		{C5E8AE6D-6D11-8B45-909A-354C0A710494}.Release|x64.ActiveCfg = Release|x64
		{C5E8AE6D-6D11-8B45-909A-354C0A710494}.Release|x64.Build.0 = Release|x64
		{C5E8AE6D-6D11-8B45-909A-354C0A710494}.Debug|Win32.ActiveCfg = Debug|Win32
		{C5E8AE6D-6D11-8B45-909A-354C0A710494}.Debug|Win32.Build.0 = Debug|Win32
		{C5E8AE6D-6D11-8B45-909A-354C0A710494}.Debug|x64.ActiveCfg = Debug|x64
		{C5E8AE6D-6D11-8B45-909A-354C0A710494}.Debug|x64.Build.0 = Debug|x64
		{FEC451B5-5448-B440-8930-B9BAAC73574E}.Release|Win32.ActiveCfg = Release|Win32
		{FEC451B5-5448-B440-8930-B9BAAC73574E}.Release|Win32.Build.0 = Release|Win32
		{FEC451B5-5448-B440-8930-B9BAAC73574E}.Release|x64.ActiveCfg = Release|x64
		{FEC451B5-5448-B440-8930-B9BAAC73574E}.Release|x64.Build.0 = Release|x64
		{FEC451B5-5448-B440-8930-B9BAAC73574E}.Debug|Win32.ActiveCfg = Debug|Win32
		{FEC451B5-5448-B440-8930-B9BAAC73574E}.Debug|Win32.Build.0 = Debug|Win32
		{FEC451B5-5448-B440-8930-B9BAAC73574E}.Debug|x64.ActiveCfg = Debug|x64
		{FEC451B5-5448-B440-8930-B9BAAC73574E}.Debug|x64.Build.0 = Debug|x64
		{7F124517-98B8-C84F-85BF-783AA2AB131E}.Release|Win32.ActiveCfg = Release|Win32
		{7F124517-98B8-C84F-85BF-783AA2AB131E}.Release|Win32.Build.0 = Release|Win32
		{7F124517-98B8-C84F-85BF-783AA2AB131E}.Release|x64.ActiveCfg = Release|x64
		{7F124517-98B8-C84F-85BF-783AA2AB131E}.Release|x64.Build.0 = Release|x64
		{7F124517-98B8-C84F-85BF-783AA2AB131E}.Debug|Win32.ActiveCfg = Debug|Win32
		{7F124517-98B8-C84F-85BF-783AA2AB131E}.Debug|Win32.Build.0 = Debug|Win32
		{7F124517-98B8-C84F-85BF-783AA2AB131E}.Debug|x64.ActiveCfg = Debug|x64
		{7F124517-98B8-C84F-85BF-783AA2AB131E}.Debug|x64.Build.0 = Debug|x64
		{9B17E2CE-566C-2B44-9499-1D8C63840E9F}.Release|Win32.ActiveCfg = Release|Win32
		{9B17E2CE-566C-2B44-9499-1D8C63840E9F}.Release|Win32.Build.0 = Release|Win32
		{9B17E2CE-566C-2B44-9499-1D8C63840E9F}.Release|x64.ActiveCfg = Release|x64
		{9B17E2CE-566C-2B44-9499-1D8C63840E9F}.Release|x64.Build.0 = Release|x64
		{9B17E2CE-566C-2B44-9499-1D8C63840E9F}.Debug|Win32.ActiveCfg = Debug|Win32
		{9B17E2CE-566C-2B44-9499-1D8C63840E9F}.Debug|Win32.Build.0 = Debug|Win32
		{9B17E2CE-566C-2B44-9499-1D8C63840E9F}.Debug|x64.ActiveCfg = Debug|x64
		{9B17E2CE-566C-2B44-9499-1D8C63840E9F}.Debug|x64.Build.0 = Debug|x64
		{0A301D80-E355-6140-9D1C-C62CE44B5360}.Release|Win32.ActiveCfg = Release|Win32
		{0A301D80-E355-6140-9D1C-C62CE44B5360}.Release|Win32.Build.0 = Release|Win32
		{0A301D80-E355-6140-9D1C-C62CE44B5360}.Release|x64.ActiveCfg = Release|x64
		{0A301D80-E355-6140-9D1C-C62CE44B5360}.Release|x64.Build.0 = Release|x64
		{0A301D80-E355-6140-9D1C-C62CE44B5360}.Debug|Win32.ActiveCfg = Debug|Win32
		{0A301D80-E355-6140-9D1C-C62CE44B5360}.Debug|Win32.Build.0 = Debug|Win32
		{0A301D80-E355-6140-9D1C-C62CE44B5360}.Debug|x64.ActiveCfg = Debug|x64
		{0A301D80-E355-6140-9D1C-C62CE44B5360}.Debug|x64.Build.0 = Debug|x64
		{028A3F4E-A859-6D4B-8478-8AD2FBE4129D}.Release|Win32.ActiveCfg = Release|Win32
		{028A3F4E-A859-6D4B-8478-8AD2FBE4129D}.Release|Win32.Build.0 = Release|Win32
		{028A3F4E-A859-6D4B-8478-8AD2FBE4129D}.Release|x64.ActiveCfg = Release|x64
		{028A3F4E-A859-6D4B-8478-8AD2FBE4129D}.Release|x64.Build.0 = Release|x64
		{028A3F4E-A859-6D4B-8478-8AD2FBE4129D}.Debug|Win32.ActiveCfg = Debug|Win32
		{028A3F4E-A859-6D4B-8478-8AD2FBE4129D}.Debug|Win32.Build.0 = Debug|Win32
		{028A3F4E-A859-6D4B-8478-8AD2FBE4129D}.Debug|x64.ActiveCfg = Debug|x64
		{028A3F4E-A859-6D4B-8478-8AD2FBE4129D}.Debug|x64.Build.0 = Debug|x64
		{B0EF4E1D-48F0-AF4E-9A01-37CA30C9122B}.Release|Win32.ActiveCfg = Release|Win32
		{B0EF4E1D-48F0-AF4E-9A01-37CA30C9122B}.Release|Win32.Build.0 = Release|Win32
		{B0EF4E1D-48F0-AF4E-9A01-37CA30C9122B}.Release|x64.ActiveCfg = Release|x64
		{B0EF4E1D-48F0-AF4E-9A01-37CA30C9122B}.Release|x64.Build.0 = Release|x64
		{B0EF4E1D-48F0-AF4E-9A01-37CA30C9122B}.Debug|Win32.ActiveCfg = Debug|Win32
		{B0EF4E1D-48F0-AF4E-9A01-37CA30C9122B}.Debug|Win32.Build.0 = Debug|Win32
		{B0EF4E1D-48F0-AF4E-9A01-37CA30C9122B}.Debug|x64.ActiveCfg = Debug|x64
		{B0EF4E1D-48F0-AF4E-9A01-37CA30C9122B}.Debug|x64.Build.0 = Debug|x64
		{FF5119F7-E998-D244-AA55-EABD62281A5D}.Release|Win32.ActiveCfg = Release|Win32
		{FF5119F7-E998-D244-AA55-EABD62281A5D}.Release|Win32.Build.0 = Release|Win32
		{FF5119F7-E998-D244-AA55-EABD62281A5D}.Release|x64.ActiveCfg = Release|x64
		{FF5119F7-E998-D244-AA55-EABD62281A5D}.Release|x64.Build.0 = Release|x64
		{FF5119F7-E998-D244-AA55-EABD62281A5D}.Debug|Win32.ActiveCfg = Debug|Win32
		{FF5119F7-E998-D244-AA55-EABD62281A5D}.Debug|Win32.Build.0 = Debug|Win32
		{FF5119F7-E998-D244-AA55-EABD62281A5D}.Debug|x64.ActiveCfg = Debug|x64
		{FF5119F7-E998-D244-AA55-EABD62281A5D}.Debug|x64.Build.0 = Debug|x64
		{DF32B502-B4F7-E94A-AC67-A129F64A20D6}.Release|Win32.ActiveCfg = Release|Win32
		{DF32B502-B4F7-E94A-AC67-A129F64A20D6}.Release|Win32.Build.0 = Release|Win32
		{DF32B502-B4F7-E94A-AC67-A129F64A20D6}.Release|x64.ActiveCfg = Release|x64
		{DF32B502-B4F7-E94A-AC67-A129F64A20D6}.Release|x64.Build.0 = Release|x64
		{DF32B502-B4F7-E94A-AC67-A129F64A20D6}.Debug|Win32.ActiveCfg = Debug|Win32
		{DF32B502-B4F7-E94A-AC67-A129F64A20D6}.Debug|Win32.Build.0 = Debug|Win32
		{DF32B502-B4F7-E94A-AC67-A129F64A20D6}.Debug|x64.ActiveCfg = Debug|x64
		{DF32B502-B4F7-E94A-AC67-A129F64A20D6}.Debug|x64.Build.0 = Debug|x64
		{59765D8F-D0AB-1341-A88F-A72B0C1299AF}.Release|Win32.ActiveCfg = Release|Win32
		{59765D8F-D0AB-1341-A88F-A72B0C1299AF}.Release|Win32.Build.0 = Release|Win32
		{59765D8F-D0AB-1341-A88F-A72B0C1299AF}.Release|x64.ActiveCfg = Release|x64
		{59765D8F-D0AB-1341-A88F-A72B0C1299AF}.Release|x64.Build.0 = Release|x64
		{59765D8F-D0AB-1341-A88F-A72B0C1299AF}.Debug|Win32.ActiveCfg = Debug|Win32
		{59765D8F-D0AB-1341-A88F-A72B0C1299AF}.Debug|Win32.Build.0 = Debug|Win32
		{59765D8F-D0AB-1341-A88F-A72B0C1299AF}.Debug|x64.ActiveCfg = Debug|x64
		{59765D8F-D0AB-1341-A88F-A72B0C1299AF}.Debug|x64.Build.0 = Debug|x64
		{80BD6833-5B9E-9044-AC17-F113D5148A8E}.Release|Win32.ActiveCfg = Release|Win32
		{80BD6833-5B9E-9044-AC17-F113D5148A8E}.Release|Win32.Build.0 = Release|Win32
		{80BD6833-5B9E-9044-AC17-F113D5148A8E}.Release|x64.ActiveCfg = Release|x64
		{80BD6833-5B9E-9044-AC17-F113D5148A8E}.Release|x64.Build.0 = Release|x64
		{80BD6833-5B9E-9044-AC17-F113D5148A8E}.Debug|Win32.ActiveCfg = Debug|Win32
		{80BD6833-5B9E-9044-AC17-F113D5148A8E}.Debug|Win32.Build.0 = Debug|Win32
		{80BD6833-5B9E-9044-AC17-F113D5148A8E}.Debug|x64.ActiveCfg = Debug|x64
		{80BD6833-5B9E-9044-AC17-F113D5148A8E}.Debug|x64.Build.0 = Debug|x64
		{54623AD5-D221-8F4C-9B33-23C848A5D999}.Release|Win32.ActiveCfg = Release|Win32
		{54623AD5-D221-8F4C-9B33-23C848A5D999}.Release|Win32.Build.0 = Release|Win32
		{54623AD5-D221-8F4C-9B33-23C848A5D999}.Release|x64.ActiveCfg = Release|x64
		{54623AD5-D221-8F4C-9B33-23C848A5D999}.Release|x64.Build.0 = Release|x64
		{54623AD5-D221-8F4C-9B33-23C848A5D999}.Debug|Win32.ActiveCfg = Debug|Win32
		{54623AD5-D221-8F4C-9B33-23C848A5D999}.Debug|Win32.Build.0 = Debug|Win32
		{54623AD5-D221-8F4C-9B33-23C848A5D999}.Debug|x64.ActiveCfg = Debug|x64
		{54623AD5-D221-8F4C-9B33-23C848A5D999}.Debug|x64.Build.0 = Debug|x64
		{D7D4006D-6FE8-694B-9C96-281E52B57024}.Release|Win32.ActiveCfg = Release|Win32
		{D7D4006D-6FE8-694B-9C96-281E52B57024}.Release|Win32.Build.0 = Release|Win32
		{D7D4006D-6FE8-694B-9C96-281E52B57024}.Release|x64.ActiveCfg = Release|x64
		{D7D4006D-6FE8-694B-9C96-281E52B57024}.Release|x64.Build.0 = Release|x64
		{D7D4006D-6FE8-694B-9C96-281E52B57024}.Debug|Win32.ActiveCfg = Debug|Win32
		{D7D4006D-6FE8-694B-9C96-281E52B57024}.Debug|Win32.Build.0 = Debug|Win32
		{D7D4006D-6FE8-694B-9C96-281E52B57024}.Debug|x64.ActiveCfg = Debug|x64
		{D7D4006D-6FE8-694B-9C96-281E52B57024}.Debug|x64.Build.0 = Debug|x64
		{6796F156-2F3F-2C41-828A-524974FFFC3E}.Release|Win32.ActiveCfg = Release|Win32
		{6796F156-2F3F-2C41-828A-524974FFFC3E}.Release|Win32.Build.0 = Release|Win32
		{6796F156-2F3F-2C41-828A-524974FFFC3E}.Release|x64.ActiveCfg = Release|x64
		{6796F156-2F3F-2C41-828A-524974FFFC3E}.Release|x64.Build.0 = Release|x64
		{6796F156-2F3F-2C41-828A-524974FFFC3E}.Debug|Win32.ActiveCfg = Debug|Win32
		{6796F156-2F3F-2C41-828A-524974FFFC3E}.Debug|Win32.Build.0 = Debug|Win32
		{6796F156-2F3F-2C41-828A-524974FFFC3E}.Debug|x64.ActiveCfg = Debug|x64
		{6796F156-2F3F-2C41-828A-524974FFFC3E}.Debug|x64.Build.0 = Debug|x64
		{358D6051-1B6B-9A46-93EA-9D78D5B1593E}.Release|Win32.ActiveCfg = Release|Win32
		{358D6051-1B6B-9A46-93EA-9D78D5B1593E}.Release|Win32.Build.0 = Release|Win32
		{358D6051-1B6B-9A46-93EA-9D78D5B1593E}.Release|x64.ActiveCfg = Release|x64
		{358D6051-1B6B-9A46-93EA-9D78D5B1593E}.Release|x64.Build.0 = Release|x64
		{358D6051-1B6B-9A46-93EA-9D78D5B1593E}.Debug|Win32.ActiveCfg = Debug|Win32
		{358D6051-1B6B-9A46-93EA-9D78D5B1593E}.Debug|Win32.Build.0 = Debug|Win32
		{358D6051-1B6B-9A46-93EA-9D78D5B1593E}.Debug|x64.ActiveCfg = Debug|x64
		{358D6051-1B6B-9A46-93EA-9D78D5B1593E}.Debug|x64.Build.0 = Debug|x64
		{B0831BA8-C1F9-484D-B651-308C74689092}.Release|Win32.ActiveCfg = Release|Win32
		{B0831BA8-C1F9-484D-B651-308C74689092}.Release|Win32.Build.0 = Release|Win32
		{B0831BA8-C1F9-484D-B651-308C74689092}.Release|x64.ActiveCfg = Release|x64
		{B0831BA8-C1F9-484D-B651-308C74689092}.Release|x64.Build.0 = Release|x64
		{B0831BA8-C1F9-484D-B651-308C74689092}.Debug|Win32.ActiveCfg = Debug|Win32
		{B0831BA8-C1F9-484D-B651-308C74689092}.Debug|Win32.Build.0 = Debug|Win32
		{B0831BA8-C1F9-484D-B651-308C74689092}.Debug|x64.ActiveCfg = Debug|x64
		{B0831BA8-C1F9-484D-B651-308C74689092}.Debug|x64.Build.0 = Debug|x64
	EndGlobalSection
	GlobalSection(SolutionProperties) = preSolution
		HideSolutionNode = FALSE
	EndGlobalSection
EndGlobal
