<?xml version="1.0" encoding="utf-8"?>
<Project ToolsVersion="4.0" xmlns="http://schemas.microsoft.com/developer/msbuild/2003">
  <ItemGroup>
    <Filter Include="test">
      <UniqueIdentifier>{7A7FF463-D305-414D-BE18-A3A857FBD30A}</UniqueIdentifier>
    </Filter>
    <Filter Include="test\enet">
      <UniqueIdentifier>{1C3FAA76-16AA-914E-9014-1E49E11FA3B6}</UniqueIdentifier>
    </Filter>
    <Filter Include="test\enet\nat_punchthrough">
      <UniqueIdentifier>{2ECA4083-209F-4445-8963-C1CFD330EC5C}</UniqueIdentifier>
    </Filter>
    <Filter Include="test\enet\nat_punchthrough\client">
      <UniqueIdentifier>{677D9AE7-2F53-674B-AFAE-8B25E05ABE72}</UniqueIdentifier>
    </Filter>
  </ItemGroup>
  <ItemGroup>
    <ClCompile Include="..\..\test\enet\nat_punchthrough\client\main.cpp">
      <Filter>test\enet\nat_punchthrough\client</Filter>
    </ClCompile>
  </ItemGroup>
</Project>
