<?xml version="1.0" encoding="utf-8"?>
<Project ToolsVersion="4.0" xmlns="http://schemas.microsoft.com/developer/msbuild/2003">
  <ItemGroup>
    <Filter Include="test">
      <UniqueIdentifier>{EC6BEA23-23CE-9449-860C-A7D58493A829}</UniqueIdentifier>
    </Filter>
    <Filter Include="test\enet">
      <UniqueIdentifier>{D6B13692-5B97-9444-A7F5-FA4AF13F29A3}</UniqueIdentifier>
    </Filter>
    <Filter Include="test\enet\chat">
      <UniqueIdentifier>{EA1A78B9-4D3A-0D47-981D-CEDAEF699B6F}</UniqueIdentifier>
    </Filter>
    <Filter Include="test\enet\chat\server">
      <UniqueIdentifier>{29FEFFBF-F380-ED4A-83DD-0046D79B4352}</UniqueIdentifier>
    </Filter>
  </ItemGroup>
  <ItemGroup>
    <ClCompile Include="..\..\test\enet\chat\server\main.cpp">
      <Filter>test\enet\chat\server</Filter>
    </ClCompile>
  </ItemGroup>
</Project>
