<?xml version="1.0" encoding="utf-8"?>
<Project ToolsVersion="16.0" xmlns="http://schemas.microsoft.com/developer/msbuild/2003">
  <ItemGroup>
    <CustomBuild Include="C:\Projects\temp\assimp\CMakeFiles\a530d9e7d8fb2af4021a285d5f98ba82\uninstall.rule">
      <Filter>CMake Rules</Filter>
    </CustomBuild>
    <CustomBuild Include="C:\Projects\temp\assimp\CMakeLists.txt" />
  </ItemGroup>
  <ItemGroup>
    <None Include="C:\Projects\temp\assimp\CMakeFiles\uninstall" />
  </ItemGroup>
  <ItemGroup>
    <Filter Include="CMake Rules">
      <UniqueIdentifier>{7757D0DB-401F-3D64-8887-3EC0D500BF01}</UniqueIdentifier>
    </Filter>
  </ItemGroup>
</Project>
